// !$*UTF8*$!
{
	archiveVersion = 1;
	classes = {
	};
	objectVersion = 46;
	objects = {
		7BEBFD72D2CE2BAE6D135FF9 = {
			isa = PBXBuildFile;
			fileRef = 38B1E09DB6FB109B1D5C3ECC;
		};
		8346295DD582E2BC2CB34623 = {
			isa = PBXBuildFile;
			fileRef = C6984C2211CBBB3A063B7DE6;
		};
		36295FB3FEAE30D98B61E783 = {
			isa = PBXBuildFile;
			fileRef = 3399425269ED05C2BF26159A;
		};
		45FC6AA3D6DDF7C829252F44 = {
			isa = PBXBuildFile;
			fileRef = F9D10CAA856BA63BCC579A9F;
		};
		00ACD0DC59F4F5DC2C6CB772 = {
			isa = PBXBuildFile;
			fileRef = 72D82F3CD1FDF89140A9A7CB;
		};
		77993D6B12DAED2FA23AB2E0 = {
			isa = PBXBuildFile;
			fileRef = 95D43E35ECC3DA33B4F4062E;
		};
		B243BCD9EDFBDB6A5B43ED3B = {
			isa = PBXBuildFile;
			fileRef = A1FE70F445FABE511832CC21;
		};
		41BE495162740C5270272C97 = {
			isa = PBXBuildFile;
			fileRef = F8C929C34D021B4D9B973A32;
		};
		6FBD19A6BFCE1C171DE73CB0 = {
			isa = PBXBuildFile;
			fileRef = 38126C29602F5187D3FC1A6C;
		};
		28E3BD34355CB5A2FC59695A = {
			isa = PBXBuildFile;
			fileRef = 9B162AB83C184015EBCDEA30;
		};
		D13143E1C5C345FCCC217E95 = {
			isa = PBXBuildFile;
			fileRef = C889FA032ED40E5825D75B2C;
		};
		23F3570BEA2EF55C8EDBC568 = {
			isa = PBXBuildFile;
			fileRef = 93B0548C8C92FB177B5DFAEB;
		};
		191E0769ADADBE52444BD651 = {
			isa = PBXBuildFile;
			fileRef = A4D70D528751307B32C5BB1C;
		};
		1DAD805DA13F04574AA1FD26 = {
			isa = PBXBuildFile;
			fileRef = 1A93FDE15E425189A2560DD4;
		};
		A0D90242BF61F84EC635DBEA = {
			isa = PBXBuildFile;
			fileRef = EDC7A908D832BDBDB544706A;
		};
		28EB3CDB53EDC4F05E70941F = {
			isa = PBXBuildFile;
			fileRef = 7FDEDF7C40DAD6EE0D00247A;
		};
		AE3006EDFD4247067C1A6D85 = {
			isa = PBXBuildFile;
			fileRef = F94AD0C4B3E1D5403B36CC9F;
		};
		341F015F21194A854D5AC023 = {
			isa = PBXBuildFile;
			fileRef = 822E5399E8AC47145B1CBCF7;
		};
		72DB6F81E69B0ED89F3CD9DA = {
			isa = PBXBuildFile;
			fileRef = F5E8713778C155E239E286D9;
		};
		E13909311956474FB7DF8556 = {
			isa = PBXBuildFile;
			fileRef = AE8B20A41E6076198A38E937;
		};
		91C63B57FDD46D2113959B2F = {
			isa = PBXBuildFile;
			fileRef = B16EC029A74E981D34554279;
		};
		F1BC1CF04A9BBBE33398AF36 = {
			isa = PBXBuildFile;
			fileRef = 9213CE794819D580E57B5CE0;
		};
		141AC722B3DC4B8F59721978 = {
			isa = PBXBuildFile;
			fileRef = 2F4FEBFE9318155F0259F7F5;
		};
		B37E7ED41FAA74600B777B41 = {
			isa = PBXBuildFile;
			fileRef = 2ADA8AA7616FC6282FDDDAB8;
		};
		F6B3018EE5D6700C807DCD99 = {
			isa = PBXBuildFile;
			fileRef = 06A06FD488471B52DF1E11BC;
		};
		6BC170E4522DB1A8F84A4BAC = {
			isa = PBXBuildFile;
			fileRef = 673549B55C364A086335EFDD;
		};
		A440C93FFF571B9CAE4C06F1 = {
			isa = PBXBuildFile;
			fileRef = 78D6D680C612F9124BEBF1F1;
		};
		9F5064633999AD6EE5828E03 = {
			isa = PBXBuildFile;
			fileRef = 5F44BD068652465FBC70F80D;
		};
		E767CAED7C9907636511AC28 = {
			isa = PBXBuildFile;
			fileRef = 45F3C685D7DA137FFBD253D0;
		};
		F81F15D33579AB2C4B2207DF = {
			isa = PBXBuildFile;
			fileRef = 0B2C91A3715EA7A7EF5B01C9;
		};
		D886284244AFC4ED66E70440 = {
			isa = PBXBuildFile;
			fileRef = 3DD3E04A74F4C17818EC20EC;
		};
		D8C2BB19234C0F10C2068B7B = {
			isa = PBXBuildFile;
			fileRef = B60026D0C33E0B026E5EE8E1;
		};
		DFC13C13744CDF9835AD0672 = {
			isa = PBXBuildFile;
			fileRef = 03D3F15E51414F434DFCFCE4;
		};
		88682304B48428C04933566F = {
			isa = PBXBuildFile;
			fileRef = 3EE054A5C7EF10C749954271;
		};
		65C20C211FB4516735E31AF3 = {
			isa = PBXBuildFile;
			fileRef = EBD6FC0AB78811B282CB4175;
		};
		F05461815070709924BE8B7D = {
			isa = PBXBuildFile;
			fileRef = FB4A5A335B50DC0505736F82;
		};
		83039F64378DCDB5C429A688 = {
			isa = PBXBuildFile;
			fileRef = 0BF0B0C84C6A2F4C6F347428;
		};
		833D7C78D125DEAD93749B96 = {
			isa = PBXBuildFile;
			fileRef = 243891C2338DB9637715E800;
		};
		FD3D7F3DB5ADA692F95BAC03 = {
			isa = PBXBuildFile;
			fileRef = 32B831A02098EC157E5D8CAA;
		};
		5DE5AA42A98C8099D5875DFB = {
			isa = PBXBuildFile;
			fileRef = 019F8078CB06EE3A5A380FF2;
		};
		8EF0836AD599D1DE65EE5D3A = {
			isa = PBXBuildFile;
			fileRef = D455FCC4A4A10F395E984380;
		};
		7F2C026F2FE1DC547E318593 = {
			isa = PBXBuildFile;
			fileRef = F9DFB642210A085D30A8DDB0;
		};
		F09D6703363934C4361D19F2 = {
			isa = PBXBuildFile;
			fileRef = F8CB81274DB7C864B0FE4C68;
		};
		B8F4C5E5A0FA44933D4CFC09 = {
			isa = PBXBuildFile;
			fileRef = A6355BA52BF428180810DCF9;
		};
		FBC33D36638E6BBC51B5CEFE = {
			isa = PBXBuildFile;
			fileRef = 0754C06CB88D475ED5A93890;
		};
		203CDD354EA06E600A896F3F = {
			isa = PBXBuildFile;
			fileRef = 889A7036914D6937AB4E4761;
		};
		9287A1E6DFC79C70C18F97A4 = {
			isa = PBXBuildFile;
			fileRef = AF2D9959B35FCBCC85F6181E;
		};
		9FE56ED2D19FC2AB55244CD6 = {
			isa = PBXBuildFile;
			fileRef = 251FAEF7DE640D01AD36FE45;
		};
		126089BB86258297EC763680 = {
			isa = PBXBuildFile;
			fileRef = CDDCCC6E9F20ECC3DF99FD2F;
		};
		9550ECA0D4402A9A04C41AFF = {
			isa = PBXBuildFile;
			fileRef = B05455072509AD8431027C73;
		};
		190E122CA3B37D0BA35BD68E = {
			isa = PBXBuildFile;
			fileRef = 4A0768580B2AA811163ABCF6;
		};
		019F8078CB06EE3A5A380FF2 = {
			isa = PBXFileReference;
			lastKnownFileType = sourcecode.cpp.objcpp;
			name = "include_juce_gui_basics.mm";
			path = "../../JuceLibraryCode/include_juce_gui_basics.mm";
			sourceTree = "SOURCE_ROOT";
		};
		03D3F15E51414F434DFCFCE4 = {
			isa = PBXFileReference;
			lastKnownFileType = sourcecode.cpp.objcpp;
			name = "include_juce_audio_utils.mm";
			path = "../../JuceLibraryCode/include_juce_audio_utils.mm";
			sourceTree = "SOURCE_ROOT";
		};
		06A06FD488471B52DF1E11BC = {
			isa = PBXFileReference;
			lastKnownFileType = sourcecode.cpp.cpp;
			name = BinaryData.cpp;
			path = ../../JuceLibraryCode/BinaryData.cpp;
			sourceTree = "SOURCE_ROOT";
		};
		0754C06CB88D475ED5A93890 = {
			isa = PBXFileReference;
			lastKnownFileType = sourcecode.cpp.cpp;
			name = "include_tracktion_engine_audio_files.cpp";
			path = "../../JuceLibraryCode/include_tracktion_engine_audio_files.cpp";
			sourceTree = "SOURCE_ROOT";
		};
		0B2C91A3715EA7A7EF5B01C9 = {
			isa = PBXFileReference;
			lastKnownFileType = sourcecode.cpp.cpp;
			name = "include_juce_audio_plugin_client_utils.cpp";
			path = "../../JuceLibraryCode/include_juce_audio_plugin_client_utils.cpp";
			sourceTree = "SOURCE_ROOT";
		};
		0BF0B0C84C6A2F4C6F347428 = {
			isa = PBXFileReference;
			lastKnownFileType = sourcecode.cpp.objcpp;
			name = "include_juce_dsp.mm";
			path = "../../JuceLibraryCode/include_juce_dsp.mm";
			sourceTree = "SOURCE_ROOT";
		};
		0D72079C676CF8213A101A4D = {
			isa = PBXFileReference;
			lastKnownFileType = sourcecode.c.h;
			name = Result.h;
			path = "../../../OctopushOS/3rdParty/push2-display-with-juce/Source/Result.h";
			sourceTree = "SOURCE_ROOT";
		};
		1672C9256CFE59668458B7FE = {
			isa = PBXFileReference;
			lastKnownFileType = file;
			name = "juce_cryptography";
			path = "../../../OctopushOS/3rdParty/juce/modules/juce_cryptography";
			sourceTree = "SOURCE_ROOT";
		};
		17165451FC7BE09AD8B8ED3F = {
			isa = PBXFileReference;
			lastKnownFileType = file;
			name = "juce_audio_basics";
			path = "../../../OctopushOS/3rdParty/juce/modules/juce_audio_basics";
			sourceTree = "SOURCE_ROOT";
		};
		18D081E6B283006B81BCEF50 = {
			isa = PBXFileReference;
			lastKnownFileType = sourcecode.c.h;
			name = PluginProcessor.h;
			path = ../../Source/PluginProcessor.h;
			sourceTree = "SOURCE_ROOT";
		};
		1A93FDE15E425189A2560DD4 = {
			isa = PBXFileReference;
			lastKnownFileType = wrapper.framework;
			name = WebKit.framework;
			path = System/Library/Frameworks/WebKit.framework;
			sourceTree = SDKROOT;
		};
		1F964FBC4C7BD07F02383925 = {
			isa = PBXFileReference;
			lastKnownFileType = sourcecode.c.h;
			name = "tracktion_engine.h";
			path = "../../Source/helpers/tracktion_engine.h";
			sourceTree = "SOURCE_ROOT";
		};
		243891C2338DB9637715E800 = {
			isa = PBXFileReference;
			lastKnownFileType = sourcecode.cpp.objcpp;
			name = "include_juce_events.mm";
			path = "../../JuceLibraryCode/include_juce_events.mm";
			sourceTree = "SOURCE_ROOT";
		};
		251FAEF7DE640D01AD36FE45 = {
			isa = PBXFileReference;
			lastKnownFileType = sourcecode.cpp.cpp;
			name = "include_tracktion_engine_playback.cpp";
			path = "../../JuceLibraryCode/include_tracktion_engine_playback.cpp";
			sourceTree = "SOURCE_ROOT";
		};
		2552F5EB25D4EAF71FE695EB = {
			isa = PBXFileReference;
			lastKnownFileType = file;
			name = "juce_dsp";
			path = "../../../OctopushOS/3rdParty/juce/modules/juce_dsp";
			sourceTree = "SOURCE_ROOT";
		};
		2ADA8AA7616FC6282FDDDAB8 = {
			isa = PBXFileReference;
			lastKnownFileType = sourcecode.cpp.cpp;
			name = "Push2-Usb-Communicator.cpp";
			path = "../../../OctopushOS/3rdParty/push2-display-with-juce/Source/push2/Push2-Usb-Communicator.cpp";
			sourceTree = "SOURCE_ROOT";
		};
		2F4FEBFE9318155F0259F7F5 = {
			isa = PBXFileReference;
			lastKnownFileType = sourcecode.cpp.cpp;
			name = JuceToPush2DisplayBridge.cpp;
			path = "../../../OctopushOS/3rdParty/push2-display-with-juce/Source/push2/JuceToPush2DisplayBridge.cpp";
			sourceTree = "SOURCE_ROOT";
		};
		32B831A02098EC157E5D8CAA = {
			isa = PBXFileReference;
			lastKnownFileType = sourcecode.cpp.objcpp;
			name = "include_juce_graphics.mm";
			path = "../../JuceLibraryCode/include_juce_graphics.mm";
			sourceTree = "SOURCE_ROOT";
		};
		3399425269ED05C2BF26159A = {
			isa = PBXFileReference;
			lastKnownFileType = wrapper.framework;
			name = Accelerate.framework;
			path = System/Library/Frameworks/Accelerate.framework;
			sourceTree = SDKROOT;
		};
		38126C29602F5187D3FC1A6C = {
			isa = PBXFileReference;
			lastKnownFileType = wrapper.framework;
			name = CoreMIDI.framework;
			path = System/Library/Frameworks/CoreMIDI.framework;
			sourceTree = SDKROOT;
		};
		38B1E09DB6FB109B1D5C3ECC = {
			isa = PBXFileReference;
			explicitFileType = wrapper.application;
			includeInIndex = 0;
			path = OctopushOSPlugin.app;
			sourceTree = "BUILT_PRODUCTS_DIR";
		};
		3C610EDDAA7E90DF8484E413 = {
			isa = PBXFileReference;
			lastKnownFileType = sourcecode.c.h;
			name = "Push2-Display.h";
			path = "../../../OctopushOS/3rdParty/push2-display-with-juce/Source/push2/Push2-Display.h";
			sourceTree = "SOURCE_ROOT";
		};
		3DD3E04A74F4C17818EC20EC = {
			isa = PBXFileReference;
			lastKnownFileType = sourcecode.cpp.objcpp;
			name = "include_juce_audio_plugin_client_VST_utils.mm";
			path = "../../JuceLibraryCode/include_juce_audio_plugin_client_VST_utils.mm";
			sourceTree = "SOURCE_ROOT";
		};
		3EE054A5C7EF10C749954271 = {
			isa = PBXFileReference;
			lastKnownFileType = sourcecode.cpp.objcpp;
			name = "include_juce_core.mm";
			path = "../../JuceLibraryCode/include_juce_core.mm";
			sourceTree = "SOURCE_ROOT";
		};
		45F3C685D7DA137FFBD253D0 = {
			isa = PBXFileReference;
			lastKnownFileType = sourcecode.cpp.cpp;
			name = "include_juce_audio_plugin_client_Standalone.cpp";
			path = "../../JuceLibraryCode/include_juce_audio_plugin_client_Standalone.cpp";
			sourceTree = "SOURCE_ROOT";
		};
		4A0768580B2AA811163ABCF6 = {
			isa = PBXFileReference;
			lastKnownFileType = sourcecode.cpp.cpp;
			name = "include_tracktion_engine_utils.cpp";
			path = "../../JuceLibraryCode/include_tracktion_engine_utils.cpp";
			sourceTree = "SOURCE_ROOT";
		};
		4DEC9E19659C0D6C854678F1 = {
			isa = PBXFileReference;
			lastKnownFileType = sourcecode.c.h;
			name = State.h;
			path = ../../Source/State.h;
			sourceTree = "SOURCE_ROOT";
		};
		5181E9980A5128A61B6522CA = {
			isa = PBXFileReference;
			lastKnownFileType = file;
			name = "juce_gui_basics";
			path = "../../../OctopushOS/3rdParty/juce/modules/juce_gui_basics";
			sourceTree = "SOURCE_ROOT";
		};
		54C31D42EE7582E8B0B18487 = {
			isa = PBXFileReference;
			lastKnownFileType = sourcecode.c.h;
			name = PluginEditor.h;
			path = ../../Source/PluginEditor.h;
			sourceTree = "SOURCE_ROOT";
		};
		556A1BBDC8A8683E53B03801 = {
			isa = PBXFileReference;
			lastKnownFileType = file.wav;
			name = kick.wav;
			path = ../../../OctopushOS/Resources/kick.wav;
			sourceTree = "SOURCE_ROOT";
		};
		56BFFB7E36115354664A04FD = {
			isa = PBXFileReference;
			lastKnownFileType = file;
			name = "juce_data_structures";
			path = "../../../OctopushOS/3rdParty/juce/modules/juce_data_structures";
			sourceTree = "SOURCE_ROOT";
		};
		5C00E7AB21541554C2BA9958 = {
			isa = PBXFileReference;
			lastKnownFileType = file.aiff;
			name = snare.aiff;
			path = ../../../OctopushOS/Resources/snare.aiff;
			sourceTree = "SOURCE_ROOT";
		};
		5F44BD068652465FBC70F80D = {
			isa = PBXFileReference;
			lastKnownFileType = sourcecode.cpp.objcpp;
			name = "include_juce_audio_formats.mm";
			path = "../../JuceLibraryCode/include_juce_audio_formats.mm";
			sourceTree = "SOURCE_ROOT";
		};
		602CBDE0AA86E1E21459AFF0 = {
			isa = PBXFileReference;
			lastKnownFileType = file;
			name = "juce_audio_utils";
			path = "../../../OctopushOS/3rdParty/juce/modules/juce_audio_utils";
			sourceTree = "SOURCE_ROOT";
		};
		62EEFD1BDD0C90E68E642984 = {
			isa = PBXFileReference;
			lastKnownFileType = sourcecode.c.h;
			name = BinaryData.h;
			path = ../../JuceLibraryCode/BinaryData.h;
			sourceTree = "SOURCE_ROOT";
		};
		64E3402DCA42285B0159B743 = {
			isa = PBXFileReference;
			lastKnownFileType = file;
			name = "juce_audio_plugin_client";
			path = "../../../OctopushOS/3rdParty/juce/modules/juce_audio_plugin_client";
			sourceTree = "SOURCE_ROOT";
		};
		673549B55C364A086335EFDD = {
			isa = PBXFileReference;
			lastKnownFileType = sourcecode.cpp.objcpp;
			name = "include_juce_audio_basics.mm";
			path = "../../JuceLibraryCode/include_juce_audio_basics.mm";
			sourceTree = "SOURCE_ROOT";
		};
		6FDC3B8CCE8D250EF6A0E0E0 = {
			isa = PBXFileReference;
			lastKnownFileType = image.png;
			name = "startup_img.png";
			path = "../../../OctopushOS/Resources/startup_img.png";
			sourceTree = "SOURCE_ROOT";
		};
		7117DF2BF9729649F65E8CB9 = {
			isa = PBXFileReference;
			lastKnownFileType = sourcecode.c.h;
			name = Push2Interface.h;
			path = ../../Source/Push2Interface.h;
			sourceTree = "SOURCE_ROOT";
		};
		72D82F3CD1FDF89140A9A7CB = {
			isa = PBXFileReference;
			lastKnownFileType = wrapper.framework;
			name = Carbon.framework;
			path = System/Library/Frameworks/Carbon.framework;
			sourceTree = SDKROOT;
		};
		773BDAC5020D95167A5BDB5A = {
			isa = PBXFileReference;
			lastKnownFileType = file.wav;
			name = hihat.wav;
			path = ../../../OctopushOS/Resources/hihat.wav;
			sourceTree = "SOURCE_ROOT";
		};
		78D6D680C612F9124BEBF1F1 = {
			isa = PBXFileReference;
			lastKnownFileType = sourcecode.cpp.objcpp;
			name = "include_juce_audio_devices.mm";
			path = "../../JuceLibraryCode/include_juce_audio_devices.mm";
			sourceTree = "SOURCE_ROOT";
		};
		79A0A3CECEF21FC9271824D2 = {
			isa = PBXFileReference;
			lastKnownFileType = text.plist.xml;
			name = OctopushOSPlugin.entitlements;
			path = OctopushOSPlugin.entitlements;
			sourceTree = "SOURCE_ROOT";
		};
		7FDEDF7C40DAD6EE0D00247A = {
			isa = PBXFileReference;
			lastKnownFileType = sourcecode.cpp.cpp;
			name = PluginProcessor.cpp;
			path = ../../Source/PluginProcessor.cpp;
			sourceTree = "SOURCE_ROOT";
		};
		822E5399E8AC47145B1CBCF7 = {
			isa = PBXFileReference;
			lastKnownFileType = sourcecode.cpp.cpp;
			name = Engine.cpp;
			path = ../../Source/Engine.cpp;
			sourceTree = "SOURCE_ROOT";
		};
		84FD04BAF490DADBB7896EBF = {
			isa = PBXFileReference;
			lastKnownFileType = file.wav;
			name = clap.wav;
			path = ../../../OctopushOS/Resources/clap.wav;
			sourceTree = "SOURCE_ROOT";
		};
		87483A1602D11FED1C2324C0 = {
			isa = PBXFileReference;
			lastKnownFileType = file;
			name = "juce_graphics";
			path = "../../../OctopushOS/3rdParty/juce/modules/juce_graphics";
			sourceTree = "SOURCE_ROOT";
		};
		889A7036914D6937AB4E4761 = {
			isa = PBXFileReference;
			lastKnownFileType = sourcecode.cpp.cpp;
			name = "include_tracktion_engine_model_1.cpp";
			path = "../../JuceLibraryCode/include_tracktion_engine_model_1.cpp";
			sourceTree = "SOURCE_ROOT";
		};
		8CBB8AF75A70B18625D6036F = {
			isa = PBXFileReference;
			lastKnownFileType = sourcecode.c.h;
			name = Push2Simulator.h;
			path = ../../Source/Push2Simulator.h;
			sourceTree = "SOURCE_ROOT";
		};
		9213CE794819D580E57B5CE0 = {
			isa = PBXFileReference;
			lastKnownFileType = sourcecode.cpp.cpp;
			name = Result.cpp;
			path = "../../../OctopushOS/3rdParty/push2-display-with-juce/Source/Result.cpp";
			sourceTree = "SOURCE_ROOT";
		};
		93B0548C8C92FB177B5DFAEB = {
			isa = PBXFileReference;
			lastKnownFileType = wrapper.framework;
			name = OpenGL.framework;
			path = System/Library/Frameworks/OpenGL.framework;
			sourceTree = SDKROOT;
		};
		95D43E35ECC3DA33B4F4062E = {
			isa = PBXFileReference;
			lastKnownFileType = wrapper.framework;
			name = Cocoa.framework;
			path = System/Library/Frameworks/Cocoa.framework;
			sourceTree = SDKROOT;
		};
		9B162AB83C184015EBCDEA30 = {
			isa = PBXFileReference;
			lastKnownFileType = wrapper.framework;
			name = DiscRecording.framework;
			path = System/Library/Frameworks/DiscRecording.framework;
			sourceTree = SDKROOT;
		};
		9DB67AD384F4B489FF1538D1 = {
			isa = PBXFileReference;
			lastKnownFileType = file;
			name = "tracktion_engine";
			path = "../../../OctopushOS/3rdParty/tracktion_engine/modules/tracktion_engine";
			sourceTree = "SOURCE_ROOT";
		};
		9EAA4F093AD0C06C422CBFD9 = {
			isa = PBXFileReference;
			lastKnownFileType = file;
			name = "juce_audio_processors";
			path = "../../../OctopushOS/3rdParty/juce/modules/juce_audio_processors";
			sourceTree = "SOURCE_ROOT";
		};
		A0F6B22DEE8B17BE67DA15A6 = {
			isa = PBXFileReference;
			lastKnownFileType = file;
			name = "juce_core";
			path = "../../../OctopushOS/3rdParty/juce/modules/juce_core";
			sourceTree = "SOURCE_ROOT";
		};
		A10A0A4CE7A053F91D283C4C = {
			isa = PBXFileReference;
			lastKnownFileType = file;
			name = "juce_audio_formats";
			path = "../../../OctopushOS/3rdParty/juce/modules/juce_audio_formats";
			sourceTree = "SOURCE_ROOT";
		};
		A1FE70F445FABE511832CC21 = {
			isa = PBXFileReference;
			lastKnownFileType = wrapper.framework;
			name = CoreAudio.framework;
			path = System/Library/Frameworks/CoreAudio.framework;
			sourceTree = SDKROOT;
		};
		A4D70D528751307B32C5BB1C = {
			isa = PBXFileReference;
			lastKnownFileType = wrapper.framework;
			name = QuartzCore.framework;
			path = System/Library/Frameworks/QuartzCore.framework;
			sourceTree = SDKROOT;
		};
		A6355BA52BF428180810DCF9 = {
			isa = PBXFileReference;
			lastKnownFileType = sourcecode.cpp.cpp;
			name = "include_tracktion_engine_airwindows.cpp";
			path = "../../JuceLibraryCode/include_tracktion_engine_airwindows.cpp";
			sourceTree = "SOURCE_ROOT";
		};
		A89DF276AA54982377EDE06A = {
			isa = PBXFileReference;
			lastKnownFileType = sourcecode.c.h;
			name = "Push2-Bitmap.h";
			path = "../../../OctopushOS/3rdParty/push2-display-with-juce/Source/push2/Push2-Bitmap.h";
			sourceTree = "SOURCE_ROOT";
		};
		AB7167DC1F339F37C8E8B620 = {
			isa = PBXFileReference;
			lastKnownFileType = file;
			name = "juce_audio_devices";
			path = "../../../OctopushOS/3rdParty/juce/modules/juce_audio_devices";
			sourceTree = "SOURCE_ROOT";
		};
		AE8B20A41E6076198A38E937 = {
			isa = PBXFileReference;
			lastKnownFileType = sourcecode.cpp.cpp;
			name = Push2Simulator.cpp;
			path = ../../Source/Push2Simulator.cpp;
			sourceTree = "SOURCE_ROOT";
		};
		AF2D9959B35FCBCC85F6181E = {
			isa = PBXFileReference;
			lastKnownFileType = sourcecode.cpp.cpp;
			name = "include_tracktion_engine_model_2.cpp";
			path = "../../JuceLibraryCode/include_tracktion_engine_model_2.cpp";
			sourceTree = "SOURCE_ROOT";
		};
		B01F51EBD78501F59D3AF53C = {
			isa = PBXFileReference;
			lastKnownFileType = file.wav;
			name = tambourine.wav;
			path = ../../../OctopushOS/Resources/tambourine.wav;
			sourceTree = "SOURCE_ROOT";
		};
		B05455072509AD8431027C73 = {
			isa = PBXFileReference;
			lastKnownFileType = sourcecode.cpp.cpp;
			name = "include_tracktion_engine_timestretch.cpp";
			path = "../../JuceLibraryCode/include_tracktion_engine_timestretch.cpp";
			sourceTree = "SOURCE_ROOT";
		};
		B16EC029A74E981D34554279 = {
			isa = PBXFileReference;
			lastKnownFileType = sourcecode.c.c;
			name = "libusb_platform_wrapper.c";
			path = "../../../OctopushOS/3rdParty/push2-display-with-juce/Source/libusb/libusb_platform_wrapper.c";
			sourceTree = "SOURCE_ROOT";
		};
		B217D097C34D47B5AB38123F = {
			isa = PBXFileReference;
			lastKnownFileType = sourcecode.c.h;
			name = JuceHeader.h;
			path = ../../JuceLibraryCode/JuceHeader.h;
			sourceTree = "SOURCE_ROOT";
		};
		B60026D0C33E0B026E5EE8E1 = {
			isa = PBXFileReference;
			lastKnownFileType = sourcecode.cpp.objcpp;
			name = "include_juce_audio_processors.mm";
			path = "../../JuceLibraryCode/include_juce_audio_processors.mm";
			sourceTree = "SOURCE_ROOT";
		};
		BCDBAF1AA1C436184A06B8FB = {
			isa = PBXFileReference;
			lastKnownFileType = file;
			name = "juce_osc";
			path = "../../../OctopushOS/3rdParty/juce/modules/juce_osc";
			sourceTree = "SOURCE_ROOT";
		};
		BFA019C358C6936BBBBA767E = {
			isa = PBXFileReference;
			lastKnownFileType = file;
			name = "juce_events";
			path = "../../../OctopushOS/3rdParty/juce/modules/juce_events";
			sourceTree = "SOURCE_ROOT";
		};
		C27E429B4645534F2A40CE72 = {
			isa = PBXFileReference;
			lastKnownFileType = file;
			name = "juce_gui_extra";
			path = "../../../OctopushOS/3rdParty/juce/modules/juce_gui_extra";
			sourceTree = "SOURCE_ROOT";
		};
		C6984C2211CBBB3A063B7DE6 = {
			isa = PBXFileReference;
			explicitFileType = archive.ar;
			includeInIndex = 0;
			path = libOctopushOSPlugin.a;
			sourceTree = "BUILT_PRODUCTS_DIR";
		};
		C889FA032ED40E5825D75B2C = {
			isa = PBXFileReference;
			lastKnownFileType = wrapper.framework;
			name = IOKit.framework;
			path = System/Library/Frameworks/IOKit.framework;
			sourceTree = SDKROOT;
		};
		CB2033803E696460ACEA3538 = {
			isa = PBXFileReference;
			lastKnownFileType = text.plist.xml;
			name = "Info-Standalone_Plugin.plist";
			path = "Info-Standalone_Plugin.plist";
			sourceTree = "SOURCE_ROOT";
		};
		CDDCCC6E9F20ECC3DF99FD2F = {
			isa = PBXFileReference;
			lastKnownFileType = sourcecode.cpp.cpp;
			name = "include_tracktion_engine_plugins.cpp";
			path = "../../JuceLibraryCode/include_tracktion_engine_plugins.cpp";
			sourceTree = "SOURCE_ROOT";
		};
		D455FCC4A4A10F395E984380 = {
			isa = PBXFileReference;
			lastKnownFileType = sourcecode.cpp.objcpp;
			name = "include_juce_gui_extra.mm";
			path = "../../JuceLibraryCode/include_juce_gui_extra.mm";
			sourceTree = "SOURCE_ROOT";
		};
		D718AE2802A38A80B4D4F893 = {
			isa = PBXFileReference;
			lastKnownFileType = sourcecode.c.h;
			name = Engine.h;
			path = ../../Source/Engine.h;
			sourceTree = "SOURCE_ROOT";
		};
		DCF9E4D04465EA6DE1A49F73 = {
			isa = PBXFileReference;
			lastKnownFileType = sourcecode.c.h;
			name = AppConfig.h;
			path = ../../JuceLibraryCode/AppConfig.h;
			sourceTree = "SOURCE_ROOT";
		};
		DE16E572392AFD01DE20700C = {
			isa = PBXFileReference;
			lastKnownFileType = sourcecode.c.h;
			name = definitions.h;
			path = ../../Source/definitions.h;
			sourceTree = "SOURCE_ROOT";
		};
		E1A1A3015DF224B3DAFAFE68 = {
			isa = PBXFileReference;
			lastKnownFileType = sourcecode.c.h;
			name = JuceToPush2DisplayBridge.h;
			path = "../../../OctopushOS/3rdParty/push2-display-with-juce/Source/push2/JuceToPush2DisplayBridge.h";
			sourceTree = "SOURCE_ROOT";
		};
		E42DD657E6E265CBC7808455 = {
			isa = PBXFileReference;
			lastKnownFileType = file;
			name = "juce_opengl";
			path = "../../../OctopushOS/3rdParty/juce/modules/juce_opengl";
			sourceTree = "SOURCE_ROOT";
		};
		E7963882174A7499B990BAF7 = {
			isa = PBXFileReference;
			lastKnownFileType = sourcecode.c.h;
			name = push2.h;
			path = ../../Source/helpers/push2.h;
			sourceTree = "SOURCE_ROOT";
		};
		EBD6FC0AB78811B282CB4175 = {
			isa = PBXFileReference;
			lastKnownFileType = sourcecode.cpp.objcpp;
			name = "include_juce_cryptography.mm";
			path = "../../JuceLibraryCode/include_juce_cryptography.mm";
			sourceTree = "SOURCE_ROOT";
		};
		EDC7A908D832BDBDB544706A = {
			isa = PBXFileReference;
			lastKnownFileType = file.nib;
			name = RecentFilesMenuTemplate.nib;
			path = RecentFilesMenuTemplate.nib;
			sourceTree = "SOURCE_ROOT";
		};
		EE0624B47080B2184DDF4F46 = {
			isa = PBXFileReference;
			lastKnownFileType = sourcecode.c.h;
			name = "Push2-UsbCommunicator.h";
			path = "../../../OctopushOS/3rdParty/push2-display-with-juce/Source/push2/Push2-UsbCommunicator.h";
			sourceTree = "SOURCE_ROOT";
		};
		F5E8713778C155E239E286D9 = {
			isa = PBXFileReference;
			lastKnownFileType = sourcecode.cpp.cpp;
			name = Push2Interface.cpp;
			path = ../../Source/Push2Interface.cpp;
			sourceTree = "SOURCE_ROOT";
		};
		F8C929C34D021B4D9B973A32 = {
			isa = PBXFileReference;
			lastKnownFileType = wrapper.framework;
			name = CoreAudioKit.framework;
			path = System/Library/Frameworks/CoreAudioKit.framework;
			sourceTree = SDKROOT;
		};
		F8CB81274DB7C864B0FE4C68 = {
			isa = PBXFileReference;
			lastKnownFileType = sourcecode.cpp.cpp;
			name = "include_juce_osc.cpp";
			path = "../../JuceLibraryCode/include_juce_osc.cpp";
			sourceTree = "SOURCE_ROOT";
		};
		F94AD0C4B3E1D5403B36CC9F = {
			isa = PBXFileReference;
			lastKnownFileType = sourcecode.cpp.cpp;
			name = PluginEditor.cpp;
			path = ../../Source/PluginEditor.cpp;
			sourceTree = "SOURCE_ROOT";
		};
		F9D10CAA856BA63BCC579A9F = {
			isa = PBXFileReference;
			lastKnownFileType = wrapper.framework;
			name = AudioToolbox.framework;
			path = System/Library/Frameworks/AudioToolbox.framework;
			sourceTree = SDKROOT;
		};
		F9DFB642210A085D30A8DDB0 = {
			isa = PBXFileReference;
			lastKnownFileType = sourcecode.cpp.objcpp;
			name = "include_juce_opengl.mm";
			path = "../../JuceLibraryCode/include_juce_opengl.mm";
			sourceTree = "SOURCE_ROOT";
		};
		FB4A5A335B50DC0505736F82 = {
			isa = PBXFileReference;
			lastKnownFileType = sourcecode.cpp.objcpp;
			name = "include_juce_data_structures.mm";
			path = "../../JuceLibraryCode/include_juce_data_structures.mm";
			sourceTree = "SOURCE_ROOT";
		};
		FFF41F0F9EAFE5ED8D732AFB = {
			isa = PBXFileReference;
			lastKnownFileType = sourcecode.c.h;
			name = Macros.h;
			path = "../../../OctopushOS/3rdParty/push2-display-with-juce/Source/Macros.h";
			sourceTree = "SOURCE_ROOT";
		};
		B9EDFB5DD1182B842C856523 = {
			isa = PBXGroup;
			children = (
				E7963882174A7499B990BAF7,
				1F964FBC4C7BD07F02383925,
			);
			name = helpers;
			sourceTree = "<group>";
		};
		93326E9C141FB3878B71EA8A = {
			isa = PBXGroup;
			children = (
				7FDEDF7C40DAD6EE0D00247A,
				18D081E6B283006B81BCEF50,
				F94AD0C4B3E1D5403B36CC9F,
				54C31D42EE7582E8B0B18487,
				DE16E572392AFD01DE20700C,
				822E5399E8AC47145B1CBCF7,
				D718AE2802A38A80B4D4F893,
				B9EDFB5DD1182B842C856523,
				F5E8713778C155E239E286D9,
				7117DF2BF9729649F65E8CB9,
				AE8B20A41E6076198A38E937,
				8CBB8AF75A70B18625D6036F,
				4DEC9E19659C0D6C854678F1,
			);
			name = Source;
			sourceTree = "<group>";
		};
		6E6B374D0F2887C54E250CD2 = {
			isa = PBXGroup;
			children = (
				84FD04BAF490DADBB7896EBF,
				773BDAC5020D95167A5BDB5A,
				556A1BBDC8A8683E53B03801,
				5C00E7AB21541554C2BA9958,
				6FDC3B8CCE8D250EF6A0E0E0,
				B01F51EBD78501F59D3AF53C,
			);
			name = Resources;
			sourceTree = "<group>";
		};
		ACD48D102C89DC52BFDFB485 = {
			isa = PBXGroup;
			children = (
				B16EC029A74E981D34554279,
			);
			name = libusb;
			sourceTree = "<group>";
		};
		385C5761E7170F2A6D6B7622 = {
			isa = PBXGroup;
			children = (
				FFF41F0F9EAFE5ED8D732AFB,
				9213CE794819D580E57B5CE0,
				0D72079C676CF8213A101A4D,
				2F4FEBFE9318155F0259F7F5,
				E1A1A3015DF224B3DAFAFE68,
				A89DF276AA54982377EDE06A,
				3C610EDDAA7E90DF8484E413,
				2ADA8AA7616FC6282FDDDAB8,
				EE0624B47080B2184DDF4F46,
			);
			name = push2;
			sourceTree = "<group>";
		};
		30F5231332BF12B9172DF2AA = {
			isa = PBXGroup;
			children = (
				ACD48D102C89DC52BFDFB485,
				385C5761E7170F2A6D6B7622,
			);
			name = 3rdParty;
			sourceTree = "<group>";
		};
		63A9DC6DFA7E4F95DCD3E6BA = {
			isa = PBXGroup;
			children = (
				93326E9C141FB3878B71EA8A,
				6E6B374D0F2887C54E250CD2,
				30F5231332BF12B9172DF2AA,
			);
			name = OctopushOSPlugin;
			sourceTree = "<group>";
		};
		6EF3633708670DD7EB3CAAAB = {
			isa = PBXGroup;
			children = (
				17165451FC7BE09AD8B8ED3F,
				AB7167DC1F339F37C8E8B620,
				A10A0A4CE7A053F91D283C4C,
				64E3402DCA42285B0159B743,
				9EAA4F093AD0C06C422CBFD9,
				602CBDE0AA86E1E21459AFF0,
				A0F6B22DEE8B17BE67DA15A6,
				1672C9256CFE59668458B7FE,
				56BFFB7E36115354664A04FD,
				2552F5EB25D4EAF71FE695EB,
				BFA019C358C6936BBBBA767E,
				87483A1602D11FED1C2324C0,
				5181E9980A5128A61B6522CA,
				C27E429B4645534F2A40CE72,
				E42DD657E6E265CBC7808455,
				BCDBAF1AA1C436184A06B8FB,
				9DB67AD384F4B489FF1538D1,
			);
			name = "JUCE Modules";
			sourceTree = "<group>";
		};
		D6803FB1CD0BACCA600A49AE = {
			isa = PBXGroup;
			children = (
				DCF9E4D04465EA6DE1A49F73,
				06A06FD488471B52DF1E11BC,
				62EEFD1BDD0C90E68E642984,
				673549B55C364A086335EFDD,
				78D6D680C612F9124BEBF1F1,
				5F44BD068652465FBC70F80D,
				45F3C685D7DA137FFBD253D0,
				0B2C91A3715EA7A7EF5B01C9,
				3DD3E04A74F4C17818EC20EC,
				B60026D0C33E0B026E5EE8E1,
				03D3F15E51414F434DFCFCE4,
				3EE054A5C7EF10C749954271,
				EBD6FC0AB78811B282CB4175,
				FB4A5A335B50DC0505736F82,
				0BF0B0C84C6A2F4C6F347428,
				243891C2338DB9637715E800,
				32B831A02098EC157E5D8CAA,
				019F8078CB06EE3A5A380FF2,
				D455FCC4A4A10F395E984380,
				F9DFB642210A085D30A8DDB0,
				F8CB81274DB7C864B0FE4C68,
				A6355BA52BF428180810DCF9,
				0754C06CB88D475ED5A93890,
				889A7036914D6937AB4E4761,
				AF2D9959B35FCBCC85F6181E,
				251FAEF7DE640D01AD36FE45,
				CDDCCC6E9F20ECC3DF99FD2F,
				B05455072509AD8431027C73,
				4A0768580B2AA811163ABCF6,
				B217D097C34D47B5AB38123F,
			);
			name = "JUCE Library Code";
			sourceTree = "<group>";
		};
		A8B0639D762257D30F4F7070 = {
			isa = PBXGroup;
			children = (
				CB2033803E696460ACEA3538,
				EDC7A908D832BDBDB544706A,
			);
			name = Resources;
			sourceTree = "<group>";
		};
		6FACEEA24DDCC5F273C209DD = {
			isa = PBXGroup;
			children = (
				3399425269ED05C2BF26159A,
				F9D10CAA856BA63BCC579A9F,
				72D82F3CD1FDF89140A9A7CB,
				95D43E35ECC3DA33B4F4062E,
				A1FE70F445FABE511832CC21,
				F8C929C34D021B4D9B973A32,
				38126C29602F5187D3FC1A6C,
				9B162AB83C184015EBCDEA30,
				C889FA032ED40E5825D75B2C,
				93B0548C8C92FB177B5DFAEB,
				A4D70D528751307B32C5BB1C,
				1A93FDE15E425189A2560DD4,
			);
			name = Frameworks;
			sourceTree = "<group>";
		};
		E6737FC253E825D42CEE5743 = {
			isa = PBXGroup;
			children = (
				38B1E09DB6FB109B1D5C3ECC,
				C6984C2211CBBB3A063B7DE6,
			);
			name = Products;
			sourceTree = "<group>";
		};
		EB7949C9262C9218C98D5D08 = {
			isa = PBXGroup;
			children = (
				63A9DC6DFA7E4F95DCD3E6BA,
				6EF3633708670DD7EB3CAAAB,
				D6803FB1CD0BACCA600A49AE,
				A8B0639D762257D30F4F7070,
				6FACEEA24DDCC5F273C209DD,
				E6737FC253E825D42CEE5743,
			);
			name = Source;
			sourceTree = "<group>";
		};
		E9C5ADC5A8F6B2CE7D0E744E = {
			isa = XCBuildConfiguration;
			buildSettings = {
				MACOSX_DEPLOYMENT_TARGET = 10.11;
			};
			name = Debug;
		};
		4AE537094EDFFF1D724E5C5A = {
			isa = XCBuildConfiguration;
			buildSettings = {
				MACOSX_DEPLOYMENT_TARGET = 10.11;
			};
			name = Release;
		};
		AB50E6DD2B5090088D6E1B0F = {
			isa = XCBuildConfiguration;
			buildSettings = {
				CLANG_CXX_LANGUAGE_STANDARD = "c++14";
				CLANG_CXX_LIBRARY = "libc++";
				CLANG_LINK_OBJC_RUNTIME = NO;
				CODE_SIGN_IDENTITY = "";
				COMBINE_HIDPI_IMAGES = YES;
				CONFIGURATION_BUILD_DIR = "$(PROJECT_DIR)/build/$(CONFIGURATION)";
				COPY_PHASE_STRIP = NO;
				GCC_DYNAMIC_NO_PIC = NO;
				GCC_OPTIMIZATION_LEVEL = 0;
				GCC_PREPROCESSOR_DEFINITIONS = (
					"_DEBUG=1",
					"DEBUG=1",
					"JUCER_XCODE_MAC_F6D2F4CF=1",
					"JUCE_APP_VERSION=0.0.1",
					"JUCE_APP_VERSION_HEX=0x1",
					"JucePlugin_Build_VST=0",
					"JucePlugin_Build_VST3=0",
					"JucePlugin_Build_AU=0",
					"JucePlugin_Build_AUv3=0",
					"JucePlugin_Build_RTAS=0",
					"JucePlugin_Build_AAX=0",
					"JucePlugin_Build_Standalone=1",
					"JucePlugin_Build_Unity=0",
				);
				GCC_VERSION = com.apple.compilers.llvm.clang.1_0;
				HEADER_SEARCH_PATHS = (
					"../../JuceLibraryCode",
					"../../../OctopushOS/3rdParty/juce/modules",
					"../../../OctopushOS/3rdParty/tracktion_engine/modules",
					"../../Source/",
					"../../../OctopushOS/3rdParty/libusb/libusb/",
					"../../../OctopushOS/3rdParty/push2-display-with-juce/Source/",
					"../../../OctopushOS/3rdParty/push2-display-with-juce/Source/libusb/",
					"../../../OctopushOS/3rdParty/push2-display-with-juce/Source/push2/",
					"../../../OctopushOS/3rdParty/juce/modules/juce_audio_plugin_client",
					"$(inherited)",
				);
				INFOPLIST_FILE = Info-Standalone_Plugin.plist;
				INFOPLIST_PREPROCESS = NO;
				MACOSX_DEPLOYMENT_TARGET = 10.11;
				OTHER_LDFLAGS = "-lOctopushOSPlugin";
				PRODUCT_BUNDLE_IDENTIFIER = com.RitaAurora.OctopushOSPlugin;
				PRODUCT_NAME = "OctopushOSPlugin";
				USE_HEADERMAP = NO;
			};
			name = Debug;
		};
		50BF38A87DEA76C2B9ECDE47 = {
			isa = XCBuildConfiguration;
			buildSettings = {
				CLANG_CXX_LANGUAGE_STANDARD = "c++14";
				CLANG_CXX_LIBRARY = "libc++";
				CLANG_LINK_OBJC_RUNTIME = NO;
				CODE_SIGN_IDENTITY = "";
				COMBINE_HIDPI_IMAGES = YES;
				CONFIGURATION_BUILD_DIR = "$(PROJECT_DIR)/build/$(CONFIGURATION)";
				DEAD_CODE_STRIPPING = YES;
				GCC_GENERATE_DEBUGGING_SYMBOLS = NO;
				GCC_OPTIMIZATION_LEVEL = 3;
				GCC_PREPROCESSOR_DEFINITIONS = (
					"_NDEBUG=1",
					"NDEBUG=1",
					"JUCER_XCODE_MAC_F6D2F4CF=1",
					"JUCE_APP_VERSION=0.0.1",
					"JUCE_APP_VERSION_HEX=0x1",
					"JucePlugin_Build_VST=0",
					"JucePlugin_Build_VST3=0",
					"JucePlugin_Build_AU=0",
					"JucePlugin_Build_AUv3=0",
					"JucePlugin_Build_RTAS=0",
					"JucePlugin_Build_AAX=0",
					"JucePlugin_Build_Standalone=1",
					"JucePlugin_Build_Unity=0",
				);
				GCC_SYMBOLS_PRIVATE_EXTERN = YES;
				GCC_VERSION = com.apple.compilers.llvm.clang.1_0;
				HEADER_SEARCH_PATHS = (
					"../../JuceLibraryCode",
					"../../../OctopushOS/3rdParty/juce/modules",
					"../../../OctopushOS/3rdParty/tracktion_engine/modules",
					"../../Source/",
					"../../../OctopushOS/3rdParty/libusb/libusb/",
					"../../../OctopushOS/3rdParty/push2-display-with-juce/Source/",
					"../../../OctopushOS/3rdParty/push2-display-with-juce/Source/libusb/",
					"../../../OctopushOS/3rdParty/push2-display-with-juce/Source/push2/",
					"../../../OctopushOS/3rdParty/juce/modules/juce_audio_plugin_client",
					"$(inherited)",
				);
				INFOPLIST_FILE = Info-Standalone_Plugin.plist;
				INFOPLIST_PREPROCESS = NO;
				LLVM_LTO = YES;
				MACOSX_DEPLOYMENT_TARGET = 10.11;
				OTHER_LDFLAGS = "-lOctopushOSPlugin";
				PRODUCT_BUNDLE_IDENTIFIER = com.RitaAurora.OctopushOSPlugin;
				PRODUCT_NAME = "OctopushOSPlugin";
				USE_HEADERMAP = NO;
			};
			name = Release;
		};
		C2A502FC36662459A653DC89 = {
			isa = XCBuildConfiguration;
			buildSettings = {
				CLANG_CXX_LANGUAGE_STANDARD = "c++14";
				CLANG_CXX_LIBRARY = "libc++";
				CLANG_LINK_OBJC_RUNTIME = NO;
				CODE_SIGN_IDENTITY = "";
				COMBINE_HIDPI_IMAGES = YES;
				CONFIGURATION_BUILD_DIR = "$(PROJECT_DIR)/build/$(CONFIGURATION)";
				COPY_PHASE_STRIP = NO;
				GCC_DYNAMIC_NO_PIC = NO;
				GCC_OPTIMIZATION_LEVEL = 0;
				GCC_PREPROCESSOR_DEFINITIONS = (
					"_DEBUG=1",
					"DEBUG=1",
					"JUCER_XCODE_MAC_F6D2F4CF=1",
					"JUCE_APP_VERSION=0.0.1",
					"JUCE_APP_VERSION_HEX=0x1",
					"JucePlugin_Build_VST=0",
					"JucePlugin_Build_VST3=0",
					"JucePlugin_Build_AU=0",
					"JucePlugin_Build_AUv3=0",
					"JucePlugin_Build_RTAS=0",
					"JucePlugin_Build_AAX=0",
					"JucePlugin_Build_Standalone=1",
					"JucePlugin_Build_Unity=0",
					"JUCE_SHARED_CODE=1",
				);
				GCC_VERSION = com.apple.compilers.llvm.clang.1_0;
				HEADER_SEARCH_PATHS = (
					"../../JuceLibraryCode",
					"../../../OctopushOS/3rdParty/juce/modules",
					"../../../OctopushOS/3rdParty/tracktion_engine/modules",
					"../../Source/",
					"../../../OctopushOS/3rdParty/libusb/libusb/",
					"../../../OctopushOS/3rdParty/push2-display-with-juce/Source/",
					"../../../OctopushOS/3rdParty/push2-display-with-juce/Source/libusb/",
					"../../../OctopushOS/3rdParty/push2-display-with-juce/Source/push2/",
					"../../../OctopushOS/3rdParty/juce/modules/juce_audio_plugin_client",
					"$(inherited)",
				);
				INSTALL_PATH = "@executable_path/../Frameworks";
				MACOSX_DEPLOYMENT_TARGET = 10.11;
				PRODUCT_BUNDLE_IDENTIFIER = com.RitaAurora.OctopushOSPlugin;
				PRODUCT_NAME = "OctopushOSPlugin";
				SKIP_INSTALL = YES;
				USE_HEADERMAP = NO;
			};
			name = Debug;
		};
		25B7D053C9E5377C87565E44 = {
			isa = XCBuildConfiguration;
			buildSettings = {
				CLANG_CXX_LANGUAGE_STANDARD = "c++14";
				CLANG_CXX_LIBRARY = "libc++";
				CLANG_LINK_OBJC_RUNTIME = NO;
				CODE_SIGN_IDENTITY = "";
				COMBINE_HIDPI_IMAGES = YES;
				CONFIGURATION_BUILD_DIR = "$(PROJECT_DIR)/build/$(CONFIGURATION)";
				DEAD_CODE_STRIPPING = YES;
				GCC_GENERATE_DEBUGGING_SYMBOLS = NO;
				GCC_OPTIMIZATION_LEVEL = 3;
				GCC_PREPROCESSOR_DEFINITIONS = (
					"_NDEBUG=1",
					"NDEBUG=1",
					"JUCER_XCODE_MAC_F6D2F4CF=1",
					"JUCE_APP_VERSION=0.0.1",
					"JUCE_APP_VERSION_HEX=0x1",
					"JucePlugin_Build_VST=0",
					"JucePlugin_Build_VST3=0",
					"JucePlugin_Build_AU=0",
					"JucePlugin_Build_AUv3=0",
					"JucePlugin_Build_RTAS=0",
					"JucePlugin_Build_AAX=0",
					"JucePlugin_Build_Standalone=1",
					"JucePlugin_Build_Unity=0",
					"JUCE_SHARED_CODE=1",
				);
				GCC_SYMBOLS_PRIVATE_EXTERN = YES;
				GCC_VERSION = com.apple.compilers.llvm.clang.1_0;
				HEADER_SEARCH_PATHS = (
					"../../JuceLibraryCode",
					"../../../OctopushOS/3rdParty/juce/modules",
					"../../../OctopushOS/3rdParty/tracktion_engine/modules",
					"../../Source/",
					"../../../OctopushOS/3rdParty/libusb/libusb/",
					"../../../OctopushOS/3rdParty/push2-display-with-juce/Source/",
					"../../../OctopushOS/3rdParty/push2-display-with-juce/Source/libusb/",
					"../../../OctopushOS/3rdParty/push2-display-with-juce/Source/push2/",
					"../../../OctopushOS/3rdParty/juce/modules/juce_audio_plugin_client",
					"$(inherited)",
				);
				INSTALL_PATH = "@executable_path/../Frameworks";
				LLVM_LTO = YES;
				MACOSX_DEPLOYMENT_TARGET = 10.11;
				PRODUCT_BUNDLE_IDENTIFIER = com.RitaAurora.OctopushOSPlugin;
				PRODUCT_NAME = "OctopushOSPlugin";
				SKIP_INSTALL = YES;
				USE_HEADERMAP = NO;
			};
			name = Release;
		};
		B72F92EA9CC2C15E72414E55 = {
			isa = XCBuildConfiguration;
			buildSettings = {
				ALWAYS_SEARCH_USER_PATHS = NO;
				CLANG_ENABLE_OBJC_WEAK = YES;
				CLANG_WARN_BLOCK_CAPTURE_AUTORELEASING = YES;
				CLANG_WARN_BOOL_CONVERSION = YES;
				CLANG_WARN_COMMA = YES;
				CLANG_WARN_CONSTANT_CONVERSION = YES;
				CLANG_WARN_DEPRECATED_OBJC_IMPLEMENTATIONS = YES;
				CLANG_WARN_EMPTY_BODY = YES;
				CLANG_WARN_ENUM_CONVERSION = YES;
				CLANG_WARN_INFINITE_RECURSION = YES;
				CLANG_WARN_INT_CONVERSION = YES;
				CLANG_WARN_NON_LITERAL_NULL_CONVERSION = YES;
				CLANG_WARN_OBJC_IMPLICIT_RETAIN_SELF = YES;
				CLANG_WARN_OBJC_LITERAL_CONVERSION = YES;
				CLANG_WARN_RANGE_LOOP_ANALYSIS = YES;
				CLANG_WARN_STRICT_PROTOTYPES = YES;
				CLANG_WARN_SUSPICIOUS_MOVE = YES;
				CLANG_WARN_UNREACHABLE_CODE = YES;
				CLANG_WARN__DUPLICATE_METHOD_MATCH = YES;
				CODE_SIGN_IDENTITY = "";
				DEBUG_INFORMATION_FORMAT = dwarf;
				ENABLE_STRICT_OBJC_MSGSEND = YES;
				ENABLE_TESTABILITY = YES;
				GCC_C_LANGUAGE_STANDARD = c11;
				GCC_INLINES_ARE_PRIVATE_EXTERN = YES;
				GCC_MODEL_TUNING = G5;
				GCC_NO_COMMON_BLOCKS = YES;
				GCC_WARN_64_TO_32_BIT_CONVERSION = YES;
				GCC_WARN_ABOUT_RETURN_TYPE = YES;
				GCC_WARN_CHECK_SWITCH_STATEMENTS = YES;
				GCC_WARN_MISSING_PARENTHESES = YES;
				GCC_WARN_NON_VIRTUAL_DESTRUCTOR = YES;
				GCC_WARN_TYPECHECK_CALLS_TO_PRINTF = YES;
				GCC_WARN_UNDECLARED_SELECTOR = YES;
				GCC_WARN_UNINITIALIZED_AUTOS = YES;
				GCC_WARN_UNUSED_FUNCTION = YES;
				GCC_WARN_UNUSED_VARIABLE = YES;
				ONLY_ACTIVE_ARCH = YES;
				PRODUCT_NAME = "OctopushOSPlugin";
				WARNING_CFLAGS = "-Wreorder";
				ZERO_LINK = NO;
			};
			name = Debug;
		};
		77B80F6A9B50F0185363BB9C = {
			isa = XCBuildConfiguration;
			buildSettings = {
				ALWAYS_SEARCH_USER_PATHS = NO;
				CLANG_ENABLE_OBJC_WEAK = YES;
				CLANG_WARN_BLOCK_CAPTURE_AUTORELEASING = YES;
				CLANG_WARN_BOOL_CONVERSION = YES;
				CLANG_WARN_COMMA = YES;
				CLANG_WARN_CONSTANT_CONVERSION = YES;
				CLANG_WARN_DEPRECATED_OBJC_IMPLEMENTATIONS = YES;
				CLANG_WARN_EMPTY_BODY = YES;
				CLANG_WARN_ENUM_CONVERSION = YES;
				CLANG_WARN_INFINITE_RECURSION = YES;
				CLANG_WARN_INT_CONVERSION = YES;
				CLANG_WARN_NON_LITERAL_NULL_CONVERSION = YES;
				CLANG_WARN_OBJC_IMPLICIT_RETAIN_SELF = YES;
				CLANG_WARN_OBJC_LITERAL_CONVERSION = YES;
				CLANG_WARN_RANGE_LOOP_ANALYSIS = YES;
				CLANG_WARN_STRICT_PROTOTYPES = YES;
				CLANG_WARN_SUSPICIOUS_MOVE = YES;
				CLANG_WARN_UNREACHABLE_CODE = YES;
				CLANG_WARN__DUPLICATE_METHOD_MATCH = YES;
				CODE_SIGN_IDENTITY = "";
				DEBUG_INFORMATION_FORMAT = dwarf;
				ENABLE_STRICT_OBJC_MSGSEND = YES;
				GCC_C_LANGUAGE_STANDARD = c11;
				GCC_INLINES_ARE_PRIVATE_EXTERN = YES;
				GCC_MODEL_TUNING = G5;
				GCC_NO_COMMON_BLOCKS = YES;
				GCC_WARN_64_TO_32_BIT_CONVERSION = YES;
				GCC_WARN_ABOUT_RETURN_TYPE = YES;
				GCC_WARN_CHECK_SWITCH_STATEMENTS = YES;
				GCC_WARN_MISSING_PARENTHESES = YES;
				GCC_WARN_NON_VIRTUAL_DESTRUCTOR = YES;
				GCC_WARN_TYPECHECK_CALLS_TO_PRINTF = YES;
				GCC_WARN_UNDECLARED_SELECTOR = YES;
				GCC_WARN_UNINITIALIZED_AUTOS = YES;
				GCC_WARN_UNUSED_FUNCTION = YES;
				GCC_WARN_UNUSED_VARIABLE = YES;
				PRODUCT_NAME = "OctopushOSPlugin";
				WARNING_CFLAGS = "-Wreorder";
				ZERO_LINK = NO;
			};
			name = Release;
		};
		23D6808D0FD5560D450BA825 = {
			isa = PBXTargetDependency;
			target = 747A53FB0361D1BF69391881;
		};
		65288470039634C74A2A4951 = {
			isa = PBXTargetDependency;
			target = DE1065D41AAC07123497C854;
		};
		C83DEDA86C98E92E44D55314 = {
			isa = XCConfigurationList;
			buildConfigurations = (
				B72F92EA9CC2C15E72414E55,
				77B80F6A9B50F0185363BB9C,
			);
			defaultConfigurationIsVisible = 0;
			defaultConfigurationName = Debug;
		};
		6DB1620C183306ED2A2371A8 = {
			isa = XCConfigurationList;
			buildConfigurations = (
				E9C5ADC5A8F6B2CE7D0E744E,
				4AE537094EDFFF1D724E5C5A,
			);
			defaultConfigurationIsVisible = 0;
			defaultConfigurationName = Debug;
		};
		D773FCAE008C49C581F0DDDC = {
			isa = PBXAggregateTarget;
			buildConfigurationList = 6DB1620C183306ED2A2371A8;
			buildPhases = ( );
			buildRules = ( );
			dependencies = (
				23D6808D0FD5560D450BA825,
				65288470039634C74A2A4951,
			);
			name = "OctopushOSPlugin - All";
			productName = OctopushOSPlugin;
		};
		A693BB5779AF074D8546FBBE = {
			isa = XCConfigurationList;
			buildConfigurations = (
				AB50E6DD2B5090088D6E1B0F,
				50BF38A87DEA76C2B9ECDE47,
			);
			defaultConfigurationIsVisible = 0;
			defaultConfigurationName = Debug;
		};
		1BA533B7D98EDDF6C7CD6FD8 = {
			isa = PBXResourcesBuildPhase;
			buildActionMask = 2147483647;
			files = (
				A0D90242BF61F84EC635DBEA,
			);
			runOnlyForDeploymentPostprocessing = 0;
		};
		5683EFD3C4732523C6F3D188 = {
			isa = PBXSourcesBuildPhase;
			buildActionMask = 2147483647;
			files = (
				E767CAED7C9907636511AC28,
			);
			runOnlyForDeploymentPostprocessing = 0;
		};
		B0D726BDC935F667BA50CEF8 = {
			isa = PBXFrameworksBuildPhase;
			buildActionMask = 2147483647;
			files = (
				36295FB3FEAE30D98B61E783,
				45FC6AA3D6DDF7C829252F44,
				00ACD0DC59F4F5DC2C6CB772,
				77993D6B12DAED2FA23AB2E0,
				B243BCD9EDFBDB6A5B43ED3B,
				41BE495162740C5270272C97,
				6FBD19A6BFCE1C171DE73CB0,
				28E3BD34355CB5A2FC59695A,
				D13143E1C5C345FCCC217E95,
				23F3570BEA2EF55C8EDBC568,
				191E0769ADADBE52444BD651,
				1DAD805DA13F04574AA1FD26,
			);
			runOnlyForDeploymentPostprocessing = 0;
		};
		747A53FB0361D1BF69391881 = {
			isa = PBXNativeTarget;
			buildConfigurationList = A693BB5779AF074D8546FBBE;
			buildPhases = (
				1BA533B7D98EDDF6C7CD6FD8,
				5683EFD3C4732523C6F3D188,
				B0D726BDC935F667BA50CEF8,
			);
			buildRules = ( );
			dependencies = (
				65288470039634C74A2A4951,
			);
			name = "OctopushOSPlugin - Standalone Plugin";
			productName = OctopushOSPlugin;
			productReference = 38B1E09DB6FB109B1D5C3ECC;
			productType = "com.apple.product-type.application";
		};
		7ADC4AAB6AADE162327B168C = {
			isa = XCConfigurationList;
			buildConfigurations = (
				C2A502FC36662459A653DC89,
				25B7D053C9E5377C87565E44,
			);
			defaultConfigurationIsVisible = 0;
			defaultConfigurationName = Debug;
		};
		BDE55BC4B65AA4C61E24F851 = {
			isa = PBXSourcesBuildPhase;
			buildActionMask = 2147483647;
			files = (
				28EB3CDB53EDC4F05E70941F,
				AE3006EDFD4247067C1A6D85,
				341F015F21194A854D5AC023,
				72DB6F81E69B0ED89F3CD9DA,
				E13909311956474FB7DF8556,
				91C63B57FDD46D2113959B2F,
				F1BC1CF04A9BBBE33398AF36,
				141AC722B3DC4B8F59721978,
				B37E7ED41FAA74600B777B41,
				F6B3018EE5D6700C807DCD99,
				6BC170E4522DB1A8F84A4BAC,
				A440C93FFF571B9CAE4C06F1,
				9F5064633999AD6EE5828E03,
				F81F15D33579AB2C4B2207DF,
				D886284244AFC4ED66E70440,
				D8C2BB19234C0F10C2068B7B,
				DFC13C13744CDF9835AD0672,
				88682304B48428C04933566F,
				65C20C211FB4516735E31AF3,
				F05461815070709924BE8B7D,
				83039F64378DCDB5C429A688,
				833D7C78D125DEAD93749B96,
				FD3D7F3DB5ADA692F95BAC03,
				5DE5AA42A98C8099D5875DFB,
				8EF0836AD599D1DE65EE5D3A,
				7F2C026F2FE1DC547E318593,
				F09D6703363934C4361D19F2,
				B8F4C5E5A0FA44933D4CFC09,
				FBC33D36638E6BBC51B5CEFE,
				203CDD354EA06E600A896F3F,
				9287A1E6DFC79C70C18F97A4,
				9FE56ED2D19FC2AB55244CD6,
				126089BB86258297EC763680,
				9550ECA0D4402A9A04C41AFF,
				190E122CA3B37D0BA35BD68E,
			);
			runOnlyForDeploymentPostprocessing = 0;
		};
		DE1065D41AAC07123497C854 = {
			isa = PBXNativeTarget;
			buildConfigurationList = 7ADC4AAB6AADE162327B168C;
			buildPhases = (
				BDE55BC4B65AA4C61E24F851,
			);
			buildRules = ( );
			dependencies = ( );
			name = "OctopushOSPlugin - Shared Code";
			productName = OctopushOSPlugin;
			productReference = C6984C2211CBBB3A063B7DE6;
			productType = "com.apple.product-type.library.static";
		};
		E2177D40A941A0875133D88F = {
			isa = PBXProject;
			buildConfigurationList = C83DEDA86C98E92E44D55314;
			attributes = { LastUpgradeCheck = 1100; ORGANIZATIONNAME = "Rita & Aurora"; TargetAttributes = { D773FCAE008C49C581F0DDDC = { SystemCapabilities = {com.apple.ApplicationGroups.iOS = { enabled = 0; }; com.apple.InAppPurchase = { enabled = 0; }; com.apple.InterAppAudio = { enabled = 0; }; com.apple.Push = { enabled = 0; }; com.apple.Sandbox = { enabled = 0; }; com.apple.HardenedRuntime = { enabled = 0; }; }; };747A53FB0361D1BF69391881 = { SystemCapabilities = {com.apple.ApplicationGroups.iOS = { enabled = 0; }; com.apple.InAppPurchase = { enabled = 0; }; com.apple.InterAppAudio = { enabled = 0; }; com.apple.Push = { enabled = 0; }; com.apple.Sandbox = { enabled = 0; }; com.apple.HardenedRuntime = { enabled = 0; }; }; };DE1065D41AAC07123497C854 = { SystemCapabilities = {com.apple.ApplicationGroups.iOS = { enabled = 0; }; com.apple.InAppPurchase = { enabled = 0; }; com.apple.InterAppAudio = { enabled = 0; }; com.apple.Push = { enabled = 0; }; com.apple.Sandbox = { enabled = 0; }; com.apple.HardenedRuntime = { enabled = 0; }; }; }; }; };
			compatibilityVersion = "Xcode 3.2";
			hasScannedForEncodings = 0;
			mainGroup = EB7949C9262C9218C98D5D08;
			projectDirPath = "";
			projectRoot = "";
			targets = (D773FCAE008C49C581F0DDDC, 747A53FB0361D1BF69391881, DE1065D41AAC07123497C854);
			knownRegions = (en, Base);
		};
	};
	rootObject = E2177D40A941A0875133D88F;
}
