// !$*UTF8*$!
{
	archiveVersion = 1;
	classes = {
	};
	objectVersion = 46;
	objects = {
		E29FA529720A4F656AF1CFF3 = {
			isa = PBXBuildFile;
			fileRef = 604C35CDD5BE95C319EF869E;
		};
		8D9DA0E63D7036B1EA029D70 = {
			isa = PBXBuildFile;
			fileRef = 738C2549F0DC201164CF362D;
		};
		757FFFE8BB8861B14C88F723 = {
			isa = PBXBuildFile;
			fileRef = F9869481551F41189B5BC736;
		};
		D830EEAB228C6BE150470D25 = {
			isa = PBXBuildFile;
			fileRef = D96BED13CA1CD67EB3233878;
		};
		041F51696BB9DEEA0D7B30D4 = {
			isa = PBXBuildFile;
			fileRef = EF3382C645C1CE52B3C0E708;
		};
		C8B240D9DA900DA8947D3106 = {
			isa = PBXBuildFile;
			fileRef = 8F0D01F7E7E525629FDC8ED8;
		};
		1B4BFFB0D2C05D642B99EEB2 = {
			isa = PBXBuildFile;
			fileRef = 97B1FCBCC9698E93B2C7463D;
		};
		60C67B928858429B6F1C9230 = {
			isa = PBXBuildFile;
			fileRef = CC01CB472F7B61A0CE3F069E;
		};
		88B402F503D50C2D931432E8 = {
			isa = PBXBuildFile;
			fileRef = E56C4CE433C5EFE03C3DF702;
		};
		0B7200B0C56123B63EECC1ED = {
			isa = PBXBuildFile;
			fileRef = CCE7118A2A76A55BA14B5E2D;
		};
		9954B3191B13CBE393AF0E96 = {
			isa = PBXBuildFile;
			fileRef = EFEF7301A295C7C370E7E175;
		};
		935AA4EEEE8B006EC080278C = {
			isa = PBXBuildFile;
			fileRef = 0EB65F58B395936F6486AF8C;
		};
		71F4A9B7591EEA56AB89AE3C = {
			isa = PBXBuildFile;
			fileRef = EBAB70EB6F3F6AD3078CCEA1;
		};
		F6C8D8EEBABBECFA6FF91916 = {
			isa = PBXBuildFile;
			fileRef = E996716A3BFC318271AB68EA;
		};
		FEA009274BB5FA934D7641F9 = {
			isa = PBXBuildFile;
			fileRef = 7735654903B7758D2A952026;
		};
		92C2BD03B0444D150EFB6F58 = {
			isa = PBXBuildFile;
			fileRef = C9D399C0F603706E1C98CC37;
		};
		DBD728F5D0DF943FEFC98255 = {
			isa = PBXBuildFile;
			fileRef = B1FD84386C2086AB9A3BDA00;
		};
		A6F7FAF2D67E97347F127B30 = {
			isa = PBXBuildFile;
			fileRef = D82EA6257B591ADA4F40A46B;
		};
		16E179E9ACF993741589AA5F = {
			isa = PBXBuildFile;
			fileRef = 4FF636A3E095CE62419CA5BA;
		};
		14A4976F3AF54A17C082A26B = {
			isa = PBXBuildFile;
			fileRef = 62713EEAA4F8B03F21E2D251;
		};
		C2BC02B9FF7D8B1CA9A6F7C1 = {
			isa = PBXBuildFile;
			fileRef = 93F6B678682B4CFC8530C413;
		};
		98180EFBCD1611119CEF0935 = {
			isa = PBXBuildFile;
			fileRef = 441CC6CF7D12AAFDD205B557;
		};
		7C547C5E8DA8EF42D58FA92C = {
			isa = PBXBuildFile;
			fileRef = 0DC15A53AB2EAF6B5A830B54;
		};
		4EA9A2AEBD884138481CE57F = {
			isa = PBXBuildFile;
			fileRef = 5C05A34F1B5D80C34CB596DB;
		};
		1ADAA6511DD2704F752563D3 = {
			isa = PBXBuildFile;
			fileRef = CB68008FD522F5D90302F469;
		};
		AAC5825820DDCE4F5FDF09F6 = {
			isa = PBXBuildFile;
			fileRef = 3C3EC6D2909619FB15C522B7;
		};
		DC17007E02F27DF1F1BC05F8 = {
			isa = PBXBuildFile;
			fileRef = 053746FA77403F284B065616;
		};
		82A19592AB31A2EDEFBF3C8E = {
			isa = PBXBuildFile;
			fileRef = 5D9BEAFB2C1754292D0503B3;
		};
		2FC0DC9ECBF155F2846FA6F6 = {
			isa = PBXBuildFile;
			fileRef = FC1F7516533DA965BF5D85D2;
		};
		078F375D1D8B80AF98D88E98 = {
			isa = PBXBuildFile;
			fileRef = F42EFACA64E03EBD362E2143;
		};
		C182EEBB26DEE0B4F3618698 = {
			isa = PBXBuildFile;
			fileRef = 972C5C8767A96CA79B734D1E;
		};
		3F825C74A385B832E87B9D42 = {
			isa = PBXBuildFile;
			fileRef = 959DC986504EFF9F8A204BFA;
		};
		59F195D03E16E21C3A5C5F0A = {
			isa = PBXBuildFile;
			fileRef = 328A39147D234DA69A901EBD;
		};
		46C88345B8920F894F85BBCC = {
			isa = PBXBuildFile;
			fileRef = 1253BDBBFC87D0CF33AA5B75;
		};
		2349BA2C2379C03ADB23EC45 = {
			isa = PBXBuildFile;
			fileRef = FF2C54DEAF4F2555F3BE4B1B;
		};
		4CBD15DBE98676EDF17ED08F = {
			isa = PBXBuildFile;
			fileRef = F0DFF339B0B268FA8FBF92D3;
		};
		C00E54A1C0A0D8AC024B7003 = {
			isa = PBXBuildFile;
			fileRef = 0C971E506A38331CED860C0D;
		};
		858546A0782C49D40CEC4137 = {
			isa = PBXBuildFile;
			fileRef = B6C5966E61013B2C650A78B9;
		};
		77C3690A58FBD6937EC6EB8C = {
			isa = PBXBuildFile;
			fileRef = C0B38755731E13F0323E3C2D;
		};
		0353E179B2282D08E574978F = {
			isa = PBXBuildFile;
			fileRef = 22A6621BAEA8DAD822E9E811;
		};
		E3B9352BDC4624EAE72D8670 = {
			isa = PBXBuildFile;
			fileRef = B5F77D7D992E4A5502D6A202;
		};
		B8F46581A346922582F699E2 = {
			isa = PBXBuildFile;
			fileRef = 45DF9CA26043C654BF692FA0;
		};
		5707F48124DA9B6CF9A004CB = {
			isa = PBXBuildFile;
			fileRef = 318EAC22321357FAF5CEED4D;
		};
		D49262F2E245B450BE534D3D = {
			isa = PBXBuildFile;
			fileRef = 13AFB089D65341C045D20DF5;
		};
		C8AF33E89AEB38BA7423D4B2 = {
			isa = PBXBuildFile;
			fileRef = EB3F4E665B9E30D1221922C7;
		};
		E9EEE192F77F7A5F9E9DBC18 = {
			isa = PBXBuildFile;
			fileRef = 0654E240CBAD6D9B7EA0F02D;
		};
		4DC036FEFADB4CD0EA4F31A0 = {
			isa = PBXBuildFile;
			fileRef = 8B35B2CFD26E561681723A9C;
		};
		048C0DF572AB90ABFC5B99B3 = {
			isa = PBXFileReference;
			lastKnownFileType = file;
			name = "juce_data_structures";
			path = "../../3rdParty/juce/modules/juce_data_structures";
			sourceTree = "SOURCE_ROOT";
		};
		053746FA77403F284B065616 = {
			isa = PBXFileReference;
			lastKnownFileType = sourcecode.cpp.objcpp;
			name = "include_juce_audio_formats.mm";
			path = "../../JuceLibraryCode/include_juce_audio_formats.mm";
			sourceTree = "SOURCE_ROOT";
		};
		0551B0517F0A92C3FD69A286 = {
			isa = PBXFileReference;
			lastKnownFileType = sourcecode.c.h;
			name = BinaryData.h;
			path = ../../JuceLibraryCode/BinaryData.h;
			sourceTree = "SOURCE_ROOT";
		};
		0654E240CBAD6D9B7EA0F02D = {
			isa = PBXFileReference;
			lastKnownFileType = sourcecode.cpp.cpp;
			name = "include_tracktion_engine_timestretch.cpp";
			path = "../../JuceLibraryCode/include_tracktion_engine_timestretch.cpp";
			sourceTree = "SOURCE_ROOT";
		};
		0C971E506A38331CED860C0D = {
			isa = PBXFileReference;
			lastKnownFileType = sourcecode.cpp.objcpp;
			name = "include_juce_gui_extra.mm";
			path = "../../JuceLibraryCode/include_juce_gui_extra.mm";
			sourceTree = "SOURCE_ROOT";
		};
		0DB4D746F8127C4873FBFB9F = {
			isa = PBXFileReference;
			lastKnownFileType = file;
			name = "juce_opengl";
			path = "../../3rdParty/juce/modules/juce_opengl";
			sourceTree = "SOURCE_ROOT";
		};
		0DC15A53AB2EAF6B5A830B54 = {
			isa = PBXFileReference;
			lastKnownFileType = sourcecode.cpp.cpp;
			name = "Push2-Usb-Communicator.cpp";
			path = "../../3rdParty/push2-display-with-juce/Source/push2/Push2-Usb-Communicator.cpp";
			sourceTree = "SOURCE_ROOT";
		};
		0EB65F58B395936F6486AF8C = {
			isa = PBXFileReference;
			lastKnownFileType = wrapper.framework;
			name = QuartzCore.framework;
			path = System/Library/Frameworks/QuartzCore.framework;
			sourceTree = SDKROOT;
		};
		1253BDBBFC87D0CF33AA5B75 = {
			isa = PBXFileReference;
			lastKnownFileType = sourcecode.cpp.objcpp;
			name = "include_juce_events.mm";
			path = "../../JuceLibraryCode/include_juce_events.mm";
			sourceTree = "SOURCE_ROOT";
		};
		12DC909C995C18A27D84EFAF = {
			isa = PBXFileReference;
			lastKnownFileType = file;
			name = "juce_audio_formats";
			path = "../../3rdParty/juce/modules/juce_audio_formats";
			sourceTree = "SOURCE_ROOT";
		};
		13AFB089D65341C045D20DF5 = {
			isa = PBXFileReference;
			lastKnownFileType = sourcecode.cpp.cpp;
			name = "include_tracktion_engine_playback.cpp";
			path = "../../JuceLibraryCode/include_tracktion_engine_playback.cpp";
			sourceTree = "SOURCE_ROOT";
		};
		174C2D67296450E6D298D1ED = {
			isa = PBXFileReference;
			lastKnownFileType = sourcecode.c.h;
			name = Engine.h;
			path = ../../Source/Engine.h;
			sourceTree = "SOURCE_ROOT";
		};
		19E1D3B2EDE04C84F808DBC6 = {
			isa = PBXFileReference;
			lastKnownFileType = file;
			name = "tracktion_engine";
			path = "../../3rdParty/tracktion_engine/modules/tracktion_engine";
			sourceTree = "SOURCE_ROOT";
		};
		22A6621BAEA8DAD822E9E811 = {
			isa = PBXFileReference;
			lastKnownFileType = sourcecode.cpp.cpp;
			name = "include_tracktion_engine_airwindows.cpp";
			path = "../../JuceLibraryCode/include_tracktion_engine_airwindows.cpp";
			sourceTree = "SOURCE_ROOT";
		};
		23999EE82840A7AE7D0EBE55 = {
			isa = PBXFileReference;
			lastKnownFileType = sourcecode.c.h;
			name = Push2Simulator.h;
			path = ../../Source/Push2Simulator.h;
			sourceTree = "SOURCE_ROOT";
		};
		2875C7A1EB8C7991BBA0D94C = {
			isa = PBXFileReference;
			lastKnownFileType = file;
			name = "juce_gui_extra";
			path = "../../3rdParty/juce/modules/juce_gui_extra";
			sourceTree = "SOURCE_ROOT";
		};
		2C8CFED9F5922792AFE5EE6C = {
			isa = PBXFileReference;
			lastKnownFileType = file;
			name = "juce_gui_basics";
			path = "../../3rdParty/juce/modules/juce_gui_basics";
			sourceTree = "SOURCE_ROOT";
		};
		2C9E4C95B2DE3D941D474DB6 = {
			isa = PBXFileReference;
			lastKnownFileType = sourcecode.c.h;
			name = Result.h;
			path = "../../3rdParty/push2-display-with-juce/Source/Result.h";
			sourceTree = "SOURCE_ROOT";
		};
		318EAC22321357FAF5CEED4D = {
			isa = PBXFileReference;
			lastKnownFileType = sourcecode.cpp.cpp;
			name = "include_tracktion_engine_model_2.cpp";
			path = "../../JuceLibraryCode/include_tracktion_engine_model_2.cpp";
			sourceTree = "SOURCE_ROOT";
		};
		328A39147D234DA69A901EBD = {
			isa = PBXFileReference;
			lastKnownFileType = sourcecode.cpp.objcpp;
			name = "include_juce_dsp.mm";
			path = "../../JuceLibraryCode/include_juce_dsp.mm";
			sourceTree = "SOURCE_ROOT";
		};
		3C3EC6D2909619FB15C522B7 = {
			isa = PBXFileReference;
			lastKnownFileType = sourcecode.cpp.objcpp;
			name = "include_juce_audio_devices.mm";
			path = "../../JuceLibraryCode/include_juce_audio_devices.mm";
			sourceTree = "SOURCE_ROOT";
		};
		3DBB865CC38AD8FEAE0D5065 = {
			isa = PBXFileReference;
			lastKnownFileType = file;
			name = "juce_cryptography";
			path = "../../3rdParty/juce/modules/juce_cryptography";
			sourceTree = "SOURCE_ROOT";
		};
		441CC6CF7D12AAFDD205B557 = {
			isa = PBXFileReference;
			lastKnownFileType = sourcecode.cpp.cpp;
			name = JuceToPush2DisplayBridge.cpp;
			path = "../../3rdParty/push2-display-with-juce/Source/push2/JuceToPush2DisplayBridge.cpp";
			sourceTree = "SOURCE_ROOT";
		};
		45DF9CA26043C654BF692FA0 = {
			isa = PBXFileReference;
			lastKnownFileType = sourcecode.cpp.cpp;
			name = "include_tracktion_engine_model_1.cpp";
			path = "../../JuceLibraryCode/include_tracktion_engine_model_1.cpp";
			sourceTree = "SOURCE_ROOT";
		};
		4663DA667641EC34E792D96A = {
			isa = PBXFileReference;
			lastKnownFileType = sourcecode.c.h;
			name = Push2Interface.h;
			path = ../../Source/Push2Interface.h;
			sourceTree = "SOURCE_ROOT";
		};
		486C6309755D05900ADC57B6 = {
			isa = PBXFileReference;
			lastKnownFileType = file;
			name = "juce_audio_utils";
			path = "../../3rdParty/juce/modules/juce_audio_utils";
			sourceTree = "SOURCE_ROOT";
		};
		4E6B6D532C99AB8203DD458D = {
			isa = PBXFileReference;
			lastKnownFileType = sourcecode.c.h;
			name = definitions.h;
			path = ../../Source/definitions.h;
			sourceTree = "SOURCE_ROOT";
		};
		4FF636A3E095CE62419CA5BA = {
			isa = PBXFileReference;
			lastKnownFileType = sourcecode.cpp.cpp;
			name = Push2Simulator.cpp;
			path = ../../Source/Push2Simulator.cpp;
			sourceTree = "SOURCE_ROOT";
		};
		54C803762A3CC7B74E1FA81F = {
			isa = PBXFileReference;
			lastKnownFileType = text.plist.xml;
			name = OctopushOS.entitlements;
			path = OctopushOS.entitlements;
			sourceTree = "SOURCE_ROOT";
		};
		5C05A34F1B5D80C34CB596DB = {
			isa = PBXFileReference;
			lastKnownFileType = sourcecode.cpp.cpp;
			name = BinaryData.cpp;
			path = ../../JuceLibraryCode/BinaryData.cpp;
			sourceTree = "SOURCE_ROOT";
		};
		5D9BEAFB2C1754292D0503B3 = {
			isa = PBXFileReference;
			lastKnownFileType = sourcecode.cpp.objcpp;
			name = "include_juce_audio_processors.mm";
			path = "../../JuceLibraryCode/include_juce_audio_processors.mm";
			sourceTree = "SOURCE_ROOT";
		};
		604C35CDD5BE95C319EF869E = {
			isa = PBXFileReference;
			explicitFileType = wrapper.application;
			includeInIndex = 0;
			path = OctopushOS.app;
			sourceTree = "BUILT_PRODUCTS_DIR";
		};
		62713EEAA4F8B03F21E2D251 = {
			isa = PBXFileReference;
			lastKnownFileType = sourcecode.c.c;
			name = "libusb_platform_wrapper.c";
			path = "../../3rdParty/push2-display-with-juce/Source/libusb/libusb_platform_wrapper.c";
			sourceTree = "SOURCE_ROOT";
		};
		62934C720533F8554F169E87 = {
			isa = PBXFileReference;
			lastKnownFileType = file;
			name = "juce_audio_processors";
			path = "../../3rdParty/juce/modules/juce_audio_processors";
			sourceTree = "SOURCE_ROOT";
		};
		6BE66FB53EDEE474A7032AAB = {
			isa = PBXFileReference;
			lastKnownFileType = sourcecode.c.h;
			name = JuceHeader.h;
			path = ../../JuceLibraryCode/JuceHeader.h;
			sourceTree = "SOURCE_ROOT";
		};
		738C2549F0DC201164CF362D = {
			isa = PBXFileReference;
			lastKnownFileType = wrapper.framework;
			name = Accelerate.framework;
			path = System/Library/Frameworks/Accelerate.framework;
			sourceTree = SDKROOT;
		};
		7735654903B7758D2A952026 = {
			isa = PBXFileReference;
			lastKnownFileType = sourcecode.cpp.cpp;
			name = Main.cpp;
			path = ../../Source/Main.cpp;
			sourceTree = "SOURCE_ROOT";
		};
		7BF56E44D931D97A8302F5ED = {
			isa = PBXFileReference;
			lastKnownFileType = file;
			name = "juce_graphics";
			path = "../../3rdParty/juce/modules/juce_graphics";
			sourceTree = "SOURCE_ROOT";
		};
		87C35CD9892B93DC68BAFA75 = {
			isa = PBXFileReference;
			lastKnownFileType = file;
			name = "juce_audio_devices";
			path = "../../3rdParty/juce/modules/juce_audio_devices";
			sourceTree = "SOURCE_ROOT";
		};
		8B35B2CFD26E561681723A9C = {
			isa = PBXFileReference;
			lastKnownFileType = sourcecode.cpp.cpp;
			name = "include_tracktion_engine_utils.cpp";
			path = "../../JuceLibraryCode/include_tracktion_engine_utils.cpp";
			sourceTree = "SOURCE_ROOT";
		};
		8F0D01F7E7E525629FDC8ED8 = {
			isa = PBXFileReference;
			lastKnownFileType = wrapper.framework;
			name = CoreAudio.framework;
			path = System/Library/Frameworks/CoreAudio.framework;
			sourceTree = SDKROOT;
		};
		93F6B678682B4CFC8530C413 = {
			isa = PBXFileReference;
			lastKnownFileType = sourcecode.cpp.cpp;
			name = Result.cpp;
			path = "../../3rdParty/push2-display-with-juce/Source/Result.cpp";
			sourceTree = "SOURCE_ROOT";
		};
		959DC986504EFF9F8A204BFA = {
			isa = PBXFileReference;
			lastKnownFileType = sourcecode.cpp.objcpp;
			name = "include_juce_data_structures.mm";
			path = "../../JuceLibraryCode/include_juce_data_structures.mm";
			sourceTree = "SOURCE_ROOT";
		};
		972C5C8767A96CA79B734D1E = {
			isa = PBXFileReference;
			lastKnownFileType = sourcecode.cpp.objcpp;
			name = "include_juce_cryptography.mm";
			path = "../../JuceLibraryCode/include_juce_cryptography.mm";
			sourceTree = "SOURCE_ROOT";
		};
		97B1FCBCC9698E93B2C7463D = {
			isa = PBXFileReference;
			lastKnownFileType = wrapper.framework;
			name = CoreAudioKit.framework;
			path = System/Library/Frameworks/CoreAudioKit.framework;
			sourceTree = SDKROOT;
		};
		99C9179C1B9B0E44388F42C4 = {
			isa = PBXFileReference;
			lastKnownFileType = sourcecode.c.h;
			name = Macros.h;
			path = "../../3rdParty/push2-display-with-juce/Source/Macros.h";
			sourceTree = "SOURCE_ROOT";
		};
		9AEA3E688E5F6C45E1A0366B = {
			isa = PBXFileReference;
			lastKnownFileType = sourcecode.c.h;
			name = State.h;
			path = ../../Source/State.h;
			sourceTree = "SOURCE_ROOT";
		};
		9D68CA2CDA2F42C73CD6DD6A = {
			isa = PBXFileReference;
			lastKnownFileType = file;
			name = "juce_core";
			path = "../../3rdParty/juce/modules/juce_core";
			sourceTree = "SOURCE_ROOT";
		};
		B1FD84386C2086AB9A3BDA00 = {
			isa = PBXFileReference;
			lastKnownFileType = sourcecode.cpp.cpp;
			name = State.cpp;
			path = ../../Source/State.cpp;
			sourceTree = "SOURCE_ROOT";
		};
		B21358F8374A07CD09851BD2 = {
			isa = PBXFileReference;
			lastKnownFileType = sourcecode.c.h;
			name = JuceToPush2DisplayBridge.h;
			path = "../../3rdParty/push2-display-with-juce/Source/push2/JuceToPush2DisplayBridge.h";
			sourceTree = "SOURCE_ROOT";
		};
		B3125850BF7C225E94BE493E = {
			isa = PBXFileReference;
			lastKnownFileType = sourcecode.c.h;
			name = "tracktion_engine.h";
			path = "../../Source/helpers/tracktion_engine.h";
			sourceTree = "SOURCE_ROOT";
		};
		B5F77D7D992E4A5502D6A202 = {
			isa = PBXFileReference;
			lastKnownFileType = sourcecode.cpp.cpp;
			name = "include_tracktion_engine_audio_files.cpp";
			path = "../../JuceLibraryCode/include_tracktion_engine_audio_files.cpp";
			sourceTree = "SOURCE_ROOT";
		};
		B6C5966E61013B2C650A78B9 = {
			isa = PBXFileReference;
			lastKnownFileType = sourcecode.cpp.objcpp;
			name = "include_juce_opengl.mm";
			path = "../../JuceLibraryCode/include_juce_opengl.mm";
			sourceTree = "SOURCE_ROOT";
		};
		C0B38755731E13F0323E3C2D = {
			isa = PBXFileReference;
			lastKnownFileType = sourcecode.cpp.cpp;
			name = "include_juce_osc.cpp";
			path = "../../JuceLibraryCode/include_juce_osc.cpp";
			sourceTree = "SOURCE_ROOT";
		};
		C1017EE186C683E5F75935B1 = {
			isa = PBXFileReference;
			lastKnownFileType = file.ogg;
			name = "demo_audio.ogg";
			path = "../../Resources/demo_audio.ogg";
			sourceTree = "SOURCE_ROOT";
		};
		C20BE3B9C51A7D088471E217 = {
			isa = PBXFileReference;
			lastKnownFileType = file;
			name = "juce_osc";
			path = "../../3rdParty/juce/modules/juce_osc";
			sourceTree = "SOURCE_ROOT";
		};
		C259149C8474DED9B2B80224 = {
			isa = PBXFileReference;
			lastKnownFileType = sourcecode.c.h;
			name = "Push2-Display.h";
			path = "../../3rdParty/push2-display-with-juce/Source/push2/Push2-Display.h";
			sourceTree = "SOURCE_ROOT";
		};
		C9D399C0F603706E1C98CC37 = {
			isa = PBXFileReference;
			lastKnownFileType = sourcecode.cpp.cpp;
			name = Engine.cpp;
			path = ../../Source/Engine.cpp;
			sourceTree = "SOURCE_ROOT";
		};
		CB68008FD522F5D90302F469 = {
			isa = PBXFileReference;
			lastKnownFileType = sourcecode.cpp.objcpp;
			name = "include_juce_audio_basics.mm";
			path = "../../JuceLibraryCode/include_juce_audio_basics.mm";
			sourceTree = "SOURCE_ROOT";
		};
		CC01CB472F7B61A0CE3F069E = {
			isa = PBXFileReference;
			lastKnownFileType = wrapper.framework;
			name = CoreMIDI.framework;
			path = System/Library/Frameworks/CoreMIDI.framework;
			sourceTree = SDKROOT;
		};
		CCE7118A2A76A55BA14B5E2D = {
			isa = PBXFileReference;
			lastKnownFileType = wrapper.framework;
			name = IOKit.framework;
			path = System/Library/Frameworks/IOKit.framework;
			sourceTree = SDKROOT;
		};
		CD4786F892B5BB7F8E76D9C2 = {
			isa = PBXFileReference;
			lastKnownFileType = text.plist.xml;
			name = "Info-App.plist";
			path = "Info-App.plist";
			sourceTree = "SOURCE_ROOT";
		};
		D1BA5BB49B3117FC323FD283 = {
			isa = PBXFileReference;
			lastKnownFileType = sourcecode.c.h;
			name = "Push2-Bitmap.h";
			path = "../../3rdParty/push2-display-with-juce/Source/push2/Push2-Bitmap.h";
			sourceTree = "SOURCE_ROOT";
		};
		D82EA6257B591ADA4F40A46B = {
			isa = PBXFileReference;
			lastKnownFileType = sourcecode.cpp.cpp;
			name = Push2Interface.cpp;
			path = ../../Source/Push2Interface.cpp;
			sourceTree = "SOURCE_ROOT";
		};
		D96BED13CA1CD67EB3233878 = {
			isa = PBXFileReference;
			lastKnownFileType = wrapper.framework;
			name = Carbon.framework;
			path = System/Library/Frameworks/Carbon.framework;
			sourceTree = SDKROOT;
		};
		DF1B3F41D312732F9DDD008C = {
			isa = PBXFileReference;
			lastKnownFileType = file;
			name = "juce_dsp";
			path = "../../3rdParty/juce/modules/juce_dsp";
			sourceTree = "SOURCE_ROOT";
		};
		E1209A4284CF11333B1DAFB5 = {
			isa = PBXFileReference;
			lastKnownFileType = file;
			name = "juce_events";
			path = "../../3rdParty/juce/modules/juce_events";
			sourceTree = "SOURCE_ROOT";
		};
		E56C4CE433C5EFE03C3DF702 = {
			isa = PBXFileReference;
			lastKnownFileType = wrapper.framework;
			name = DiscRecording.framework;
			path = System/Library/Frameworks/DiscRecording.framework;
			sourceTree = SDKROOT;
		};
		E996716A3BFC318271AB68EA = {
			isa = PBXFileReference;
			lastKnownFileType = file.nib;
			name = RecentFilesMenuTemplate.nib;
			path = RecentFilesMenuTemplate.nib;
			sourceTree = "SOURCE_ROOT";
		};
		EB3F4E665B9E30D1221922C7 = {
			isa = PBXFileReference;
			lastKnownFileType = sourcecode.cpp.cpp;
			name = "include_tracktion_engine_plugins.cpp";
			path = "../../JuceLibraryCode/include_tracktion_engine_plugins.cpp";
			sourceTree = "SOURCE_ROOT";
		};
		EBAB70EB6F3F6AD3078CCEA1 = {
			isa = PBXFileReference;
			lastKnownFileType = wrapper.framework;
			name = WebKit.framework;
			path = System/Library/Frameworks/WebKit.framework;
			sourceTree = SDKROOT;
		};
		EF3382C645C1CE52B3C0E708 = {
			isa = PBXFileReference;
			lastKnownFileType = wrapper.framework;
			name = Cocoa.framework;
			path = System/Library/Frameworks/Cocoa.framework;
			sourceTree = SDKROOT;
		};
		EFEF7301A295C7C370E7E175 = {
			isa = PBXFileReference;
			lastKnownFileType = wrapper.framework;
			name = OpenGL.framework;
			path = System/Library/Frameworks/OpenGL.framework;
			sourceTree = SDKROOT;
		};
		F0DFF339B0B268FA8FBF92D3 = {
			isa = PBXFileReference;
			lastKnownFileType = sourcecode.cpp.objcpp;
			name = "include_juce_gui_basics.mm";
			path = "../../JuceLibraryCode/include_juce_gui_basics.mm";
			sourceTree = "SOURCE_ROOT";
		};
		F42EFACA64E03EBD362E2143 = {
			isa = PBXFileReference;
			lastKnownFileType = sourcecode.cpp.objcpp;
			name = "include_juce_core.mm";
			path = "../../JuceLibraryCode/include_juce_core.mm";
			sourceTree = "SOURCE_ROOT";
		};
		F9869481551F41189B5BC736 = {
			isa = PBXFileReference;
			lastKnownFileType = wrapper.framework;
			name = AudioToolbox.framework;
			path = System/Library/Frameworks/AudioToolbox.framework;
			sourceTree = SDKROOT;
		};
		FB58BA2D5D4D163323CC330D = {
			isa = PBXFileReference;
			lastKnownFileType = image.png;
			name = PushStartup.png;
			path = ../../Resources/PushStartup.png;
			sourceTree = "SOURCE_ROOT";
		};
		FC1F7516533DA965BF5D85D2 = {
			isa = PBXFileReference;
			lastKnownFileType = sourcecode.cpp.objcpp;
			name = "include_juce_audio_utils.mm";
			path = "../../JuceLibraryCode/include_juce_audio_utils.mm";
			sourceTree = "SOURCE_ROOT";
		};
		FD4E377321AA004DE9B09DA7 = {
			isa = PBXFileReference;
			lastKnownFileType = sourcecode.c.h;
			name = AppConfig.h;
			path = ../../JuceLibraryCode/AppConfig.h;
			sourceTree = "SOURCE_ROOT";
		};
		FE1C5A4E52B06F67A96264E5 = {
			isa = PBXFileReference;
			lastKnownFileType = file;
			name = "juce_audio_basics";
			path = "../../3rdParty/juce/modules/juce_audio_basics";
			sourceTree = "SOURCE_ROOT";
		};
		FE1EBD67FCA9E9DBD3A9463D = {
			isa = PBXFileReference;
			lastKnownFileType = sourcecode.c.h;
			name = "Push2-UsbCommunicator.h";
			path = "../../3rdParty/push2-display-with-juce/Source/push2/Push2-UsbCommunicator.h";
			sourceTree = "SOURCE_ROOT";
		};
		FF2C54DEAF4F2555F3BE4B1B = {
			isa = PBXFileReference;
			lastKnownFileType = sourcecode.cpp.objcpp;
			name = "include_juce_graphics.mm";
			path = "../../JuceLibraryCode/include_juce_graphics.mm";
			sourceTree = "SOURCE_ROOT";
		};
		9E2FC1B819EEEEA8E64BA99B = {
			isa = PBXGroup;
			children = (
				B3125850BF7C225E94BE493E,
			);
			name = helpers;
			sourceTree = "<group>";
		};
		D68521D54BC36355AB90240E = {
			isa = PBXGroup;
			children = (
				9E2FC1B819EEEEA8E64BA99B,
				4E6B6D532C99AB8203DD458D,
				7735654903B7758D2A952026,
				174C2D67296450E6D298D1ED,
				C9D399C0F603706E1C98CC37,
				9AEA3E688E5F6C45E1A0366B,
				B1FD84386C2086AB9A3BDA00,
				4663DA667641EC34E792D96A,
				D82EA6257B591ADA4F40A46B,
				23999EE82840A7AE7D0EBE55,
				4FF636A3E095CE62419CA5BA,
			);
			name = Source;
			sourceTree = "<group>";
		};
		2F817773C97B990B5154ADFD = {
			isa = PBXGroup;
			children = (
				C1017EE186C683E5F75935B1,
				FB58BA2D5D4D163323CC330D,
			);
			name = Resources;
			sourceTree = "<group>";
		};
		D3FC5E2FC359FCAA221554C0 = {
			isa = PBXGroup;
			children = (
				62713EEAA4F8B03F21E2D251,
			);
			name = libusb;
			sourceTree = "<group>";
		};
		87F1DD72F3FF56ACC27C3153 = {
			isa = PBXGroup;
			children = (
				99C9179C1B9B0E44388F42C4,
				93F6B678682B4CFC8530C413,
				2C9E4C95B2DE3D941D474DB6,
				441CC6CF7D12AAFDD205B557,
				B21358F8374A07CD09851BD2,
				D1BA5BB49B3117FC323FD283,
				C259149C8474DED9B2B80224,
				0DC15A53AB2EAF6B5A830B54,
				FE1EBD67FCA9E9DBD3A9463D,
			);
			name = push2;
			sourceTree = "<group>";
		};
		CE1A515DDF06ED3894C5E630 = {
			isa = PBXGroup;
			children = (
				D3FC5E2FC359FCAA221554C0,
				87F1DD72F3FF56ACC27C3153,
			);
			name = 3rdParty;
			sourceTree = "<group>";
		};
		BADEFFC9E24F7E34F0C92B2B = {
			isa = PBXGroup;
			children = (
				D68521D54BC36355AB90240E,
				2F817773C97B990B5154ADFD,
				CE1A515DDF06ED3894C5E630,
			);
			name = OctopushOS;
			sourceTree = "<group>";
		};
		852C2E83A54CD7924135B65C = {
			isa = PBXGroup;
			children = (
				FE1C5A4E52B06F67A96264E5,
				87C35CD9892B93DC68BAFA75,
				12DC909C995C18A27D84EFAF,
				62934C720533F8554F169E87,
				486C6309755D05900ADC57B6,
				9D68CA2CDA2F42C73CD6DD6A,
				3DBB865CC38AD8FEAE0D5065,
				048C0DF572AB90ABFC5B99B3,
				DF1B3F41D312732F9DDD008C,
				E1209A4284CF11333B1DAFB5,
				7BF56E44D931D97A8302F5ED,
				2C8CFED9F5922792AFE5EE6C,
				2875C7A1EB8C7991BBA0D94C,
				0DB4D746F8127C4873FBFB9F,
				C20BE3B9C51A7D088471E217,
				19E1D3B2EDE04C84F808DBC6,
			);
			name = "JUCE Modules";
			sourceTree = "<group>";
		};
		4E6DA15936C314B2C8668249 = {
			isa = PBXGroup;
			children = (
				FD4E377321AA004DE9B09DA7,
				5C05A34F1B5D80C34CB596DB,
				0551B0517F0A92C3FD69A286,
				CB68008FD522F5D90302F469,
				3C3EC6D2909619FB15C522B7,
				053746FA77403F284B065616,
				5D9BEAFB2C1754292D0503B3,
				FC1F7516533DA965BF5D85D2,
				F42EFACA64E03EBD362E2143,
				972C5C8767A96CA79B734D1E,
				959DC986504EFF9F8A204BFA,
				328A39147D234DA69A901EBD,
				1253BDBBFC87D0CF33AA5B75,
				FF2C54DEAF4F2555F3BE4B1B,
				F0DFF339B0B268FA8FBF92D3,
				0C971E506A38331CED860C0D,
				B6C5966E61013B2C650A78B9,
				C0B38755731E13F0323E3C2D,
				22A6621BAEA8DAD822E9E811,
				B5F77D7D992E4A5502D6A202,
				45DF9CA26043C654BF692FA0,
				318EAC22321357FAF5CEED4D,
				13AFB089D65341C045D20DF5,
				EB3F4E665B9E30D1221922C7,
				0654E240CBAD6D9B7EA0F02D,
				8B35B2CFD26E561681723A9C,
				6BE66FB53EDEE474A7032AAB,
			);
			name = "JUCE Library Code";
			sourceTree = "<group>";
		};
		A71C9E9BBC9B578ECE3C734A = {
			isa = PBXGroup;
			children = (
				CD4786F892B5BB7F8E76D9C2,
				E996716A3BFC318271AB68EA,
			);
			name = Resources;
			sourceTree = "<group>";
		};
		DAF6C24C130B25948EE29395 = {
			isa = PBXGroup;
			children = (
				738C2549F0DC201164CF362D,
				F9869481551F41189B5BC736,
				D96BED13CA1CD67EB3233878,
				EF3382C645C1CE52B3C0E708,
				8F0D01F7E7E525629FDC8ED8,
				97B1FCBCC9698E93B2C7463D,
				CC01CB472F7B61A0CE3F069E,
				E56C4CE433C5EFE03C3DF702,
				CCE7118A2A76A55BA14B5E2D,
				EFEF7301A295C7C370E7E175,
				0EB65F58B395936F6486AF8C,
				EBAB70EB6F3F6AD3078CCEA1,
			);
			name = Frameworks;
			sourceTree = "<group>";
		};
		C5670B49988511A4842A0A76 = {
			isa = PBXGroup;
			children = (
				604C35CDD5BE95C319EF869E,
			);
			name = Products;
			sourceTree = "<group>";
		};
		B212BFF373869C51B2266D2A = {
			isa = PBXGroup;
			children = (
				BADEFFC9E24F7E34F0C92B2B,
				852C2E83A54CD7924135B65C,
				4E6DA15936C314B2C8668249,
				A71C9E9BBC9B578ECE3C734A,
				DAF6C24C130B25948EE29395,
				C5670B49988511A4842A0A76,
			);
			name = Source;
			sourceTree = "<group>";
		};
		1CB4590924FB34EEB0024E77 = {
			isa = XCBuildConfiguration;
			buildSettings = {
				CLANG_CXX_LANGUAGE_STANDARD = "c++14";
				CLANG_CXX_LIBRARY = "libc++";
				CLANG_LINK_OBJC_RUNTIME = NO;
				CODE_SIGN_IDENTITY = "";
				COMBINE_HIDPI_IMAGES = YES;
				CONFIGURATION_BUILD_DIR = "$(PROJECT_DIR)/build/$(CONFIGURATION)";
				COPY_PHASE_STRIP = NO;
				GCC_DYNAMIC_NO_PIC = NO;
				GCC_OPTIMIZATION_LEVEL = 0;
				GCC_PREPROCESSOR_DEFINITIONS = (
					"_DEBUG=1",
					"DEBUG=1",
					"JUCER_XCODE_MAC_F6D2F4CF=1",
					"JUCE_APP_VERSION=0.0.1",
					"JUCE_APP_VERSION_HEX=0x1",
					"JucePlugin_Build_VST=0",
					"JucePlugin_Build_VST3=0",
					"JucePlugin_Build_AU=0",
					"JucePlugin_Build_AUv3=0",
					"JucePlugin_Build_RTAS=0",
					"JucePlugin_Build_AAX=0",
					"JucePlugin_Build_Standalone=0",
					"JucePlugin_Build_Unity=0",
				);
				GCC_VERSION = com.apple.compilers.llvm.clang.1_0;
				HEADER_SEARCH_PATHS = (
					"../../JuceLibraryCode",
					"../../3rdParty/juce/modules",
					"../../3rdParty/tracktion_engine/modules",
					"../../Source/",
					"../../3rdParty/libusb/libusb/",
					"../../3rdParty/push2-display-with-juce/Source/",
					"../../3rdParty/push2-display-with-juce/Source/libusb/",
					"../../3rdParty/push2-display-with-juce/Source/push2/",
					"$(inherited)",
				);
				INFOPLIST_FILE = Info-App.plist;
				INFOPLIST_PREPROCESS = NO;
				INSTALL_PATH = "$(HOME)/Applications";
				MACOSX_DEPLOYMENT_TARGET = 10.11;
				PRODUCT_BUNDLE_IDENTIFIER = com.RitaAurora.OctopushOS;
				PRODUCT_NAME = "OctopushOS";
				USE_HEADERMAP = NO;
			};
			name = Debug;
		};
		50586066F5740B94BDA4C3F7 = {
			isa = XCBuildConfiguration;
			buildSettings = {
				CLANG_CXX_LANGUAGE_STANDARD = "c++14";
				CLANG_CXX_LIBRARY = "libc++";
				CLANG_LINK_OBJC_RUNTIME = NO;
				CODE_SIGN_IDENTITY = "";
				COMBINE_HIDPI_IMAGES = YES;
				CONFIGURATION_BUILD_DIR = "$(PROJECT_DIR)/build/$(CONFIGURATION)";
				DEAD_CODE_STRIPPING = YES;
				GCC_GENERATE_DEBUGGING_SYMBOLS = NO;
				GCC_OPTIMIZATION_LEVEL = 3;
				GCC_PREPROCESSOR_DEFINITIONS = (
					"_NDEBUG=1",
					"NDEBUG=1",
					"JUCER_XCODE_MAC_F6D2F4CF=1",
					"JUCE_APP_VERSION=0.0.1",
					"JUCE_APP_VERSION_HEX=0x1",
					"JucePlugin_Build_VST=0",
					"JucePlugin_Build_VST3=0",
					"JucePlugin_Build_AU=0",
					"JucePlugin_Build_AUv3=0",
					"JucePlugin_Build_RTAS=0",
					"JucePlugin_Build_AAX=0",
					"JucePlugin_Build_Standalone=0",
					"JucePlugin_Build_Unity=0",
				);
				GCC_SYMBOLS_PRIVATE_EXTERN = YES;
				GCC_VERSION = com.apple.compilers.llvm.clang.1_0;
				HEADER_SEARCH_PATHS = (
					"../../JuceLibraryCode",
					"../../3rdParty/juce/modules",
					"../../3rdParty/tracktion_engine/modules",
					"../../Source/",
					"../../3rdParty/libusb/libusb/",
					"../../3rdParty/push2-display-with-juce/Source/",
					"../../3rdParty/push2-display-with-juce/Source/libusb/",
					"../../3rdParty/push2-display-with-juce/Source/push2/",
					"$(inherited)",
				);
				INFOPLIST_FILE = Info-App.plist;
				INFOPLIST_PREPROCESS = NO;
				INSTALL_PATH = "$(HOME)/Applications";
				LLVM_LTO = YES;
				MACOSX_DEPLOYMENT_TARGET = 10.11;
				PRODUCT_BUNDLE_IDENTIFIER = com.RitaAurora.OctopushOS;
				PRODUCT_NAME = "OctopushOS";
				USE_HEADERMAP = NO;
			};
			name = Release;
		};
		805B5D22905EA9001D78C656 = {
			isa = XCBuildConfiguration;
			buildSettings = {
				ALWAYS_SEARCH_USER_PATHS = NO;
				CLANG_ENABLE_OBJC_WEAK = YES;
				CLANG_WARN_BLOCK_CAPTURE_AUTORELEASING = YES;
				CLANG_WARN_BOOL_CONVERSION = YES;
				CLANG_WARN_COMMA = YES;
				CLANG_WARN_CONSTANT_CONVERSION = YES;
				CLANG_WARN_DEPRECATED_OBJC_IMPLEMENTATIONS = YES;
				CLANG_WARN_EMPTY_BODY = YES;
				CLANG_WARN_ENUM_CONVERSION = YES;
				CLANG_WARN_INFINITE_RECURSION = YES;
				CLANG_WARN_INT_CONVERSION = YES;
				CLANG_WARN_NON_LITERAL_NULL_CONVERSION = YES;
				CLANG_WARN_OBJC_IMPLICIT_RETAIN_SELF = YES;
				CLANG_WARN_OBJC_LITERAL_CONVERSION = YES;
				CLANG_WARN_RANGE_LOOP_ANALYSIS = YES;
				CLANG_WARN_STRICT_PROTOTYPES = YES;
				CLANG_WARN_SUSPICIOUS_MOVE = YES;
				CLANG_WARN_UNREACHABLE_CODE = YES;
				CLANG_WARN__DUPLICATE_METHOD_MATCH = YES;
				CODE_SIGN_IDENTITY = "";
				DEBUG_INFORMATION_FORMAT = dwarf;
				ENABLE_STRICT_OBJC_MSGSEND = YES;
				ENABLE_TESTABILITY = YES;
				GCC_C_LANGUAGE_STANDARD = c11;
				GCC_INLINES_ARE_PRIVATE_EXTERN = YES;
				GCC_MODEL_TUNING = G5;
				GCC_NO_COMMON_BLOCKS = YES;
				GCC_WARN_64_TO_32_BIT_CONVERSION = YES;
				GCC_WARN_ABOUT_RETURN_TYPE = YES;
				GCC_WARN_CHECK_SWITCH_STATEMENTS = YES;
				GCC_WARN_MISSING_PARENTHESES = YES;
				GCC_WARN_NON_VIRTUAL_DESTRUCTOR = YES;
				GCC_WARN_TYPECHECK_CALLS_TO_PRINTF = YES;
				GCC_WARN_UNDECLARED_SELECTOR = YES;
				GCC_WARN_UNINITIALIZED_AUTOS = YES;
				GCC_WARN_UNUSED_FUNCTION = YES;
				GCC_WARN_UNUSED_VARIABLE = YES;
				ONLY_ACTIVE_ARCH = YES;
				PRODUCT_NAME = "OctopushOS";
				WARNING_CFLAGS = "-Wreorder";
				ZERO_LINK = NO;
			};
			name = Debug;
		};
		74F7A7832A54FDD9E9458A8B = {
			isa = XCBuildConfiguration;
			buildSettings = {
				ALWAYS_SEARCH_USER_PATHS = NO;
				CLANG_ENABLE_OBJC_WEAK = YES;
				CLANG_WARN_BLOCK_CAPTURE_AUTORELEASING = YES;
				CLANG_WARN_BOOL_CONVERSION = YES;
				CLANG_WARN_COMMA = YES;
				CLANG_WARN_CONSTANT_CONVERSION = YES;
				CLANG_WARN_DEPRECATED_OBJC_IMPLEMENTATIONS = YES;
				CLANG_WARN_EMPTY_BODY = YES;
				CLANG_WARN_ENUM_CONVERSION = YES;
				CLANG_WARN_INFINITE_RECURSION = YES;
				CLANG_WARN_INT_CONVERSION = YES;
				CLANG_WARN_NON_LITERAL_NULL_CONVERSION = YES;
				CLANG_WARN_OBJC_IMPLICIT_RETAIN_SELF = YES;
				CLANG_WARN_OBJC_LITERAL_CONVERSION = YES;
				CLANG_WARN_RANGE_LOOP_ANALYSIS = YES;
				CLANG_WARN_STRICT_PROTOTYPES = YES;
				CLANG_WARN_SUSPICIOUS_MOVE = YES;
				CLANG_WARN_UNREACHABLE_CODE = YES;
				CLANG_WARN__DUPLICATE_METHOD_MATCH = YES;
				CODE_SIGN_IDENTITY = "";
				DEBUG_INFORMATION_FORMAT = dwarf;
				ENABLE_STRICT_OBJC_MSGSEND = YES;
				GCC_C_LANGUAGE_STANDARD = c11;
				GCC_INLINES_ARE_PRIVATE_EXTERN = YES;
				GCC_MODEL_TUNING = G5;
				GCC_NO_COMMON_BLOCKS = YES;
				GCC_WARN_64_TO_32_BIT_CONVERSION = YES;
				GCC_WARN_ABOUT_RETURN_TYPE = YES;
				GCC_WARN_CHECK_SWITCH_STATEMENTS = YES;
				GCC_WARN_MISSING_PARENTHESES = YES;
				GCC_WARN_NON_VIRTUAL_DESTRUCTOR = YES;
				GCC_WARN_TYPECHECK_CALLS_TO_PRINTF = YES;
				GCC_WARN_UNDECLARED_SELECTOR = YES;
				GCC_WARN_UNINITIALIZED_AUTOS = YES;
				GCC_WARN_UNUSED_FUNCTION = YES;
				GCC_WARN_UNUSED_VARIABLE = YES;
				PRODUCT_NAME = "OctopushOS";
				WARNING_CFLAGS = "-Wreorder";
				ZERO_LINK = NO;
			};
			name = Release;
		};
		0C64DE5185D29DAE3E5E16C0 = {
			isa = PBXTargetDependency;
			target = 8B78753847F3BEF3D6C5FD87;
		};
		1D392170BA8A67F868FFC664 = {
			isa = XCConfigurationList;
			buildConfigurations = (
				805B5D22905EA9001D78C656,
				74F7A7832A54FDD9E9458A8B,
			);
			defaultConfigurationIsVisible = 0;
			defaultConfigurationName = Debug;
		};
		DC8154BF18CACCDA542A5281 = {
			isa = XCConfigurationList;
			buildConfigurations = (
				1CB4590924FB34EEB0024E77,
				50586066F5740B94BDA4C3F7,
			);
			defaultConfigurationIsVisible = 0;
			defaultConfigurationName = Debug;
		};
		7D689AA672B88AB515519FF4 = {
			isa = PBXResourcesBuildPhase;
			buildActionMask = 2147483647;
			files = (
				F6C8D8EEBABBECFA6FF91916,
			);
			runOnlyForDeploymentPostprocessing = 0;
		};
		4582ADD2C129D7B31B0D1C7C = {
			isa = PBXSourcesBuildPhase;
			buildActionMask = 2147483647;
			files = (
				FEA009274BB5FA934D7641F9,
				92C2BD03B0444D150EFB6F58,
				DBD728F5D0DF943FEFC98255,
				A6F7FAF2D67E97347F127B30,
				16E179E9ACF993741589AA5F,
				14A4976F3AF54A17C082A26B,
				C2BC02B9FF7D8B1CA9A6F7C1,
				98180EFBCD1611119CEF0935,
				7C547C5E8DA8EF42D58FA92C,
				4EA9A2AEBD884138481CE57F,
				1ADAA6511DD2704F752563D3,
				AAC5825820DDCE4F5FDF09F6,
				DC17007E02F27DF1F1BC05F8,
				82A19592AB31A2EDEFBF3C8E,
				2FC0DC9ECBF155F2846FA6F6,
				078F375D1D8B80AF98D88E98,
				C182EEBB26DEE0B4F3618698,
				3F825C74A385B832E87B9D42,
				59F195D03E16E21C3A5C5F0A,
				46C88345B8920F894F85BBCC,
				2349BA2C2379C03ADB23EC45,
				4CBD15DBE98676EDF17ED08F,
				C00E54A1C0A0D8AC024B7003,
				858546A0782C49D40CEC4137,
				77C3690A58FBD6937EC6EB8C,
				0353E179B2282D08E574978F,
				E3B9352BDC4624EAE72D8670,
				B8F46581A346922582F699E2,
				5707F48124DA9B6CF9A004CB,
				D49262F2E245B450BE534D3D,
				C8AF33E89AEB38BA7423D4B2,
				E9EEE192F77F7A5F9E9DBC18,
				4DC036FEFADB4CD0EA4F31A0,
			);
			runOnlyForDeploymentPostprocessing = 0;
		};
		6AE7E962F4B64747E84FE84E = {
			isa = PBXFrameworksBuildPhase;
			buildActionMask = 2147483647;
			files = (
				8D9DA0E63D7036B1EA029D70,
				757FFFE8BB8861B14C88F723,
				D830EEAB228C6BE150470D25,
				041F51696BB9DEEA0D7B30D4,
				C8B240D9DA900DA8947D3106,
				1B4BFFB0D2C05D642B99EEB2,
				60C67B928858429B6F1C9230,
				88B402F503D50C2D931432E8,
				0B7200B0C56123B63EECC1ED,
				9954B3191B13CBE393AF0E96,
				935AA4EEEE8B006EC080278C,
				71F4A9B7591EEA56AB89AE3C,
			);
			runOnlyForDeploymentPostprocessing = 0;
		};
		8B78753847F3BEF3D6C5FD87 = {
			isa = PBXNativeTarget;
			buildConfigurationList = DC8154BF18CACCDA542A5281;
			buildPhases = (
				7D689AA672B88AB515519FF4,
				4582ADD2C129D7B31B0D1C7C,
				6AE7E962F4B64747E84FE84E,
			);
			buildRules = ( );
			dependencies = ( );
			name = "OctopushOS - App";
			productName = OctopushOS;
			productReference = 604C35CDD5BE95C319EF869E;
			productType = "com.apple.product-type.application";
		};
		8F148F388DF6124E122E3D77 = {
			isa = PBXProject;
			buildConfigurationList = 1D392170BA8A67F868FFC664;
			attributes = { LastUpgradeCheck = 1100; ORGANIZATIONNAME = "Rita & Aurora"; TargetAttributes = { 8B78753847F3BEF3D6C5FD87 = { SystemCapabilities = {com.apple.ApplicationGroups.iOS = { enabled = 0; }; com.apple.InAppPurchase = { enabled = 0; }; com.apple.InterAppAudio = { enabled = 0; }; com.apple.Push = { enabled = 0; }; com.apple.Sandbox = { enabled = 0; }; com.apple.HardenedRuntime = { enabled = 0; }; }; }; }; };
			compatibilityVersion = "Xcode 3.2";
			hasScannedForEncodings = 0;
			mainGroup = B212BFF373869C51B2266D2A;
			projectDirPath = "";
			projectRoot = "";
			targets = (8B78753847F3BEF3D6C5FD87);
			knownRegions = (en, Base);
		};
	};
	rootObject = 8F148F388DF6124E122E3D77;
}
